[container]
image = "docker.io/library/archlinux@sha256:c13557438a1df09698ff8af836a22d36e0436ac02a1475c87bd8fc913bf4884b"

[[package]]
name = "aarch64-linux-gnu-binutils"
version = "2.43-1"
system = "archlinux"
url = "https://archive.archlinux.org/packages/a/aarch64-linux-gnu-binutils/aarch64-linux-gnu-binutils-2.43-1-x86_64.pkg.tar.zst"
sha256 = "cd9065d56c56570322c9d0b63411d86ba95a1f23932100ca2107840363622f8a"
signature = "iQIzBAABCAAdFiEEjhmSFnRl21+wRVV8sChU7XU+Dx8FAmc5MB0ACgkQsChU7XU+Dx+VfBAAlw+yFzHoBqm6xIHwF1Q4iR6M2x1kgQstlfaHnP7nL6EwunhmHGQIDf/4Zc2tNqE5q5v8lmHv+YSBO8L4MybyxN/sFG2rv78fAlyJx/UFER92DbMJvHZtZoF2cvX+pvaczw6/rIX77x9PhnzKQASIKXWKsu4Uy9jbZuZLd/XCILFl9kPwFqzNDxNL7pRiakYUsSM8xcXZFUg8wOO5DogGhB0lo2v9mbDmNIkMWLuPB9RqxSk3MkXaU9aETx12bxCbrdmHQHlBlDvEpfDw7wKGUOQTmqXB2h0OUYbOQ7xieyJA1CJ8/K7UL8XEKcmjNa8jaLClPaaOOGju5btEB8VH/GQqsUJXI4rGyFDMJOlcX2+AdBJwSAVO2j2LWafg4Mu+tyfjYzOALvhhEHewyZmYZih2YpcSOdTfdXakeN/gMsg3zNyM/PJn0K1k6CP006ILSSVJHKDIi+CkI7eEv+tbgAj2h0RJxue+YoEqa5M64nJTbPyBV/F9X2L2E4sOLr36z8wGRh2tc2nxWsdntHu3+XE4Jks1imYq6GJUTDUpOgbwnDmUY0eiyQSd8CSvAWdRS32mPBgwOSYbmxCZBK8+MioXEvvg0PWH30o7B0x8MSlb4ZW9EkCvmxhUfWfOzsBW82lVKnwbfg1JBfeZpWBzetI7hqpmGippwPfwleqSet4="

[[package]]
name = "aarch64-linux-gnu-gcc"
version = "14.2.0-1"
system = "archlinux"
url = "https://archive.archlinux.org/packages/a/aarch64-linux-gnu-gcc/aarch64-linux-gnu-gcc-14.2.0-1-x86_64.pkg.tar.zst"
sha256 = "9f68a3a00ec1a4d78d416a0f20487de0bf3d57a35f3a537062b4a0d072c19c19"
signature = "iQIzBAABCAAdFiEEjhmSFnRl21+wRVV8sChU7XU+Dx8FAmc86w4ACgkQsChU7XU+Dx8uQA//cuxU1P/sWJyhMU+DdBvDJmbdcDWpdCeMce00XIHuQcJSQv5NP9u/rTj/VuVZfBlok8djbp6r1LM47UEYemVPo/0EIEjEV9mYBmywi23+toF++2Wos+qi6UstuDf4hBMSjnxPpcSWWf3SB/gjpMz/IbVwTfk4KeTYy8L/PlohlFlScd6uqADmdfZFKIA0qKOqHMMiKKP1PA+hIcsy3giV3axiK/TQnppRwogigrCHVk92zrGK2achxvWpVvD47ij4V8BrIdvClBfAmMRWDGVqXVhGKr5+EgnCZ/jWdOSQckryvTDe1rKvmiy+CQ/UonAKR/uvUsnZ2r5an1L+Xn7aNLBSPXHrv8qRpmmxSsWYaTiCR5VY7ckaAU8u78IpjNcxmnOcZVdhqnUDuxRWNVvsg6GWvMnowoa8/xlxotz+HxDFiS7mvnf9QITTygzXjXPsVM9ufkP181SSPUEwTrn/V6MCl7NAWuWkTWvZ/h+WdCvil0ymZgulDAU5oeXxYcg1UO2OF2bmEUoi5uOomv+7Rz523wgwOZ3XzQiJN/dEQ4q911vIcDWu9xtW1f5Lvy4lDp1kt37IJaFmXnCX8LLOod6VrGquP+nkMQTY4TA0YhUW/XfoWqWAQ215WUiwXkKbPo48gBFouaZrlgfqI6/kRY+a/uLMqUlWPb1iavgUO3o="

[[package]]
name = "aarch64-linux-gnu-glibc"
version = "2.40-1"
system = "archlinux"
url = "https://archive.archlinux.org/packages/a/aarch64-linux-gnu-glibc/aarch64-linux-gnu-glibc-2.40-1-any.pkg.tar.zst"
sha256 = "0e410d29c37ed5af0a4ce0e90103cac5cd78c114d238d7770543b0b35e3c313a"
signature = "iQIzBAABCAAdFiEEjhmSFnRl21+wRVV8sChU7XU+Dx8FAmc9CIYACgkQsChU7XU+Dx9XYA/+NqMAx/f/orVvkyx2hG1H4Aygi2LVjIG3ca8hAirA3beppWTOGeMSbLRPiOvfH0wGWAbOipqng/312khj36N3EHI8X80IqwyOkxpO24aEuEOFQMH+FgVgSfSiCF5uF1hjspvm0WDc8/mSDsej1vryGacIqh6x0JqzdlXcp80D/jpKvewa3JGheHWei3CAgktKw6jONVBsGiLlkhTm3XrOiv+NNSh81bw3ofGme74j4uQEi2T0TJgw4+LyJ203v30/dxGYtT7A5hYd4+L5vxXtju4Hz7YH+xtQiiRMhR2pcfTS/gdk29c93Uetfb5PHJKhxleG+hOXqwrOfmWPCOZ55mgXDzLHgsI/ZL/gVtasyKorNnYNDZcuC3uIV56e+3GQpn0oeFI8wqT6gEgMi2wbFXsUQqeTlTCSx95CCkR8LFvoIDLQexP6Tu9iC+UYCetF59BVCZLUEVCUP0N6ZpMmk21hesCKAaPk7foNNuXdmOzduZZ2JPcsdNy76DJIR26nbk95jxgxEPEawDhum9nTE+1c/16trcFidNzTTMmwhWRa81qZPQYgZ97TeK8QJrjT+6vXu/+HNfjl5SQ2CFxHWoS/wTFmY3gWyerTM+C48l/4iNg7pHF1chNJXEvzPaDypLtFDt78ItN/5Q0g4usQIJnoNZqV0Sn3SmKNW2BeEvY="

[[package]]
name = "aarch64-linux-gnu-linux-api-headers"
version = "6.12-1"
system = "archlinux"
url = "https://archive.archlinux.org/packages/a/aarch64-linux-gnu-linux-api-headers/aarch64-linux-gnu-linux-api-headers-6.12-1-any.pkg.tar.zst"
sha256 = "500d6df001985aefeb2305d5061ebde6b5cc7f67d764827f99d2e9de19498450"
signature = "iQIzBAABCAAdFiEEjhmSFnRl21+wRVV8sChU7XU+Dx8FAmc74MYACgkQsChU7XU+Dx8dPBAAimRTvl2Kgm+AV5rnmsb2rceOskQ9L4dfcB4iJA/dKGtHB4jnzlGfYez3v4T4JjlwVsbfWcFN47CdbYChHP5wPOgNYNo76B3Qy6eMjpzu7+I/wkI6f8G/oKqYfksaJWp94z1Br5K/Mf09HQCgkLNHtNFCUo/ZEePRKYw9Rcb3hOUZZ02pEcNMy1VtGP25+2beWTr+K9MYgW/rxCTjoRlEVgggAbYU7MECTBZlnauP1VsOqwuBl1EaPXzlcBJX+KODnM088TRMIuLIP4mOVDje2cxhtTyhkMirLn+YYhOhPtqm2r0VgEQgApDYsd3zOujN26lVvefn/Y1i1EUTaK1Ej//K1KGUYEUtouIgXInI0a2PfjSOXn+21c9vTydBZaP9A1qHaw8SA/P8lr+vTkxhW03KPzZ6yMHohzdTRL34lrVjAV/H+yYpDHcAFuLEnHAOs6rnpCwSEGd9yfbieO66lmxNMUdYw/RaLZNtkjIGd2DNOZ2qky5LyxuNx6ibu3MSx9kyFQJFQAqtTSgK2bttbbHVfangSEcV4WK4GHUZ/Ljjb+8qf/Sma2OSbpGBCZQ50Jh5W9ogQ7Rb0lsUhD3OU9NNxOjs2EM2NhXd+3o/7kYjoU2JUrpkDQzCkvgrpPzCg5EPa3shrVuM6zXKT7W8/ZLvONVvhi5ntPTHyMzfo4w="

[[package]]
name = "binutils"
version = "2.43_1+r186+g61f8adadd6db-1"
system = "archlinux"
url = "https://archive.archlinux.org/packages/b/binutils/binutils-2.43_1+r186+g61f8adadd6db-1-x86_64.pkg.tar.zst"
sha256 = "0c3a9fd23add6c0f47ec0f6df99a7654f59219c4af2602604a88be2165cf3c30"
signature = "iNUEABYKAH0WIQQFx3danouXdAf+COadTFqhVCbaCgUCZ5uYAl8UgAAAAAAuAChpc3N1ZXItZnByQG5vdGF0aW9ucy5vcGVucGdwLmZpZnRoaG9yc2VtYW4ubmV0MDVDNzc3NUE5RThCOTc3NDA3RkUwOEU2OUQ0QzVBQTE1NDI2REEwQQAKCRCdTFqhVCbaCnd8AP4yvzdqf21fNyTk+IQ12eTDy9ge0exKwqbw/mcJPXs2lgD+IcubgMdcZkWHufL3xo7+dgcDm4HayIiDlBMmyYD6Rgw="

[[package]]
name = "ca-certificates-mozilla"
version = "3.108-1"
system = "archlinux"
url = "https://archive.archlinux.org/packages/c/ca-certificates-mozilla/ca-certificates-mozilla-3.108-1-x86_64.pkg.tar.zst"
sha256 = "6cf9653614e5f5b9468ee0831163acf2934b97711835853e26facf7c45c413b5"
signature = "iHUEABYKAB0WIQSDvIiJNRtd67toQW64rAhgDxCM3wUCZ6I1EwAKCRC4rAhgDxCM39yQAP9h0wW2yP0Mr9odYoyZg78HcdvLnD8rAeG81x6QgW5+KgD/VUjQDWt2dB/CuTqQZDOEl2k/g4Rpqcwp2y5bLCHcrw8="

[[package]]
name = "cargo-auditable"
version = "0.6.6-1"
system = "archlinux"
url = "https://archive.archlinux.org/packages/c/cargo-auditable/cargo-auditable-0.6.6-1-x86_64.pkg.tar.zst"
sha256 = "e90c6459cb4505ed19bb25acc9b00fdaf4130c804d360ce5dfcb3c4d8c9d0b0f"
signature = "iQIzBAABCAAdFiEEFl4P98SMIm4ew2On+DQkgks+S5AFAmdC57AACgkQ+DQkgks+S5BwvA//Tf5hrUN/mlj0Fi2HPIphu/XdLnOGmwRs5rz8ZHZyFxLb2tStn/kSD1RrwMizj5v/i7rySxm9aDerypJK8FAtRz7ArYCiSOKMv/N9rJ8apM9EyPt5FdS1tz9pkLe3yiakYZZsQjSprjsn6Dms0I9Nbnfkb+RMVNW+pr6WNOdhC+cGB9JAKZK+mrtjsIobqi2T0M/fG+KcIUvo8kM2dj6o20mNYp2qN0t01Yrvf5WiR5wJUuF1qutRqGUr+wGDKLK2dz/GnV81TdQr9T8SnvNVwD6y5mMW1H0WOruoyD2l2ktvEnVgOD5NDffy99+ki1fx4rqqK2c8LAomBMhiPZiuhM3a2dlrTqdierXfT/3QS/mlasGrNDDziDRCQZjJ+gC6p+Yg8ggBP+oNVMXi0OzWovitkmpY6LCN0ONYhihHM0x7HrVs2I6v7KTKjZmp+ttIsVeeG0MHy7HTUc1/GcDbnwEzF4p46vS1P0cBrQX2bSBzw7KVotZ0RO6AYgj6IoW8pNOFrAmozDkN+7DRYH3Oa7XYRD/CHU7WiGEQQZYXPaiMHJby6qpkRJE7Timma4kbOHN8zj3t6lPCek8I8XET7WrNSDyukGCSKi0+mh4fX9LLxXEqqEUjaIxdx6zqF0GjGUGzAjPThPlTITDejJRBAwQYbKLBs+Zzgv6qqAiVU/k="

[[package]]
name = "cargo-deb"
version = "2.11.1-1"
system = "archlinux"
url = "https://archive.archlinux.org/packages/c/cargo-deb/cargo-deb-2.11.1-1-x86_64.pkg.tar.zst"
sha256 = "d730e17b26324d9ed41e3e07994e6ef5ae967333ccac2ad0ef446e993ae11d2d"
signature = "iQIzBAABCAAdFiEEFl4P98SMIm4ew2On+DQkgks+S5AFAmegjm8ACgkQ+DQkgks+S5Comw/9GwyjgJblsqbjYyNU88ZT3C255mNDv5WPpauRzyaJ9w0hMAp5/EPG3KBp3PDs16lj5Ow2EIvivY3Girk+paWsruNxnGvvx+4zquWuNeglJkqS94XIfmZLmKlVpSFtTeyMViIY2xIb7nabJrg72HZizqhwv+1I51cLz8npJL9LLFlYDtdl1yA0MGNYsnJTNq5pLdldrih/bzByu/7a40LMXpt+oyZhtzr4EIl9TbvOC5zqqqhVNzxlfYCtT5T7eUMJeLYFKGjcRSh0tA6QW6B7boqpcnBkjDaS7/NWB2qPSss4FCP54XOmRQ/Y+71kU843esjUUnEU5j0VXQzLYfrBo7ES0ZyqXTXr0D4RGVSSNDen9sRDBdm5QyxN7SQm6Zj/pEnZTM77s6jvMJ3LZuUcJzI/eYaOPrfpdeZHg4fdba8STgiWG3jHcuZ/CS8bUd2s4rzfEf5EK2utDrkWzUgkr73xNo8k8N4plZgmYGJcMdu0PDOo2KFBGis1CpRd8jnj1MulZ5ChgHEAie8I2aG2bzMQI09kSlJVzjXmwQaTxoW7y40FlexS/PdjAF2NOpJeAKOhHMeAkxQ1C20baSRPuTMOAhEt82A/X7K5muYYnco8tbjeV65k4i58G376RQARXGJ2bNd48wN8kA/t3HKDHB2/O+L2FgdhdeKHVzqK44g="

[[package]]
name = "curl"
version = "8.12.0-3"
system = "archlinux"
url = "https://archive.archlinux.org/packages/c/curl/curl-8.12.0-3-x86_64.pkg.tar.zst"
sha256 = "3274903aa09f132fa7a36521e0187da47186bc3bd5fa8da3e925d76d6bcd3954"
signature = "iHUEABYKAB0WIQQhkbiUMbrAqLlt6T0kR0DRfH/Q7AUCZ6dV4gAKCRAkR0DRfH/Q7F4YAQCj3V2p+VySaBjCArZLF/47FIJwA9t25+z4NDvRFfHoigEA2kwxQF6OT5odvhcQx4aTNKcCuo0UCdOsaM+7p2P2+gQ="

[[package]]
name = "db5.3"
version = "5.3.28-5"
system = "archlinux"
url = "https://archive.archlinux.org/packages/d/db5.3/db5.3-5.3.28-5-x86_64.pkg.tar.zst"
sha256 = "edb56c7d84c438b387a53ee414daff2611f62e4804ec8f2995e17b34437c0a4c"
signature = "iNUEABYKAH0WIQQFx3danouXdAf+COadTFqhVCbaCgUCZjJfkl8UgAAAAAAuAChpc3N1ZXItZnByQG5vdGF0aW9ucy5vcGVucGdwLmZpZnRoaG9yc2VtYW4ubmV0MDVDNzc3NUE5RThCOTc3NDA3RkUwOEU2OUQ0QzVBQTE1NDI2REEwQQAKCRCdTFqhVCbaCsm7AP0bbQgsaPHKPqJfVCfxYO6mXx1nil0GatmeIGwU8miQgAD/dye0wbQaVcEgF4Ev8KDbQt+djEaHgfQFtfj9C64Vrg8="

[[package]]
name = "gc"
version = "8.2.8-2"
system = "archlinux"
url = "https://archive.archlinux.org/packages/g/gc/gc-8.2.8-2-x86_64.pkg.tar.zst"
sha256 = "c7b5e6816e7977a407e3f862b4ac51e7cf70e522c7fe1a72c2eca49431679712"
signature = "iNUEABYKAH0WIQQFx3danouXdAf+COadTFqhVCbaCgUCZt6oQl8UgAAAAAAuAChpc3N1ZXItZnByQG5vdGF0aW9ucy5vcGVucGdwLmZpZnRoaG9yc2VtYW4ubmV0MDVDNzc3NUE5RThCOTc3NDA3RkUwOEU2OUQ0QzVBQTE1NDI2REEwQQAKCRCdTFqhVCbaCp63AP4zSG9Ph/ey/7pYMn/RNiK9x1gv3SknQQ5dttHxVgc++QD/aXAHmlJ3i2x5kaqtv+bVKMTa80sF/S7X6DKJfQ+Q9Q4="

[[package]]
name = "gcc"
version = "14.2.1+r730+gc061ad5a36ba-1"
system = "archlinux"
url = "https://archive.archlinux.org/packages/g/gcc/gcc-14.2.1+r730+gc061ad5a36ba-1-x86_64.pkg.tar.zst"
sha256 = "55b30dbb85f3c70875bd454d8ad9c62640048a9a435ab27f34fe8a0daad47299"
signature = "iNUEABYKAH0WIQQFx3danouXdAf+COadTFqhVCbaCgUCZ5ua4l8UgAAAAAAuAChpc3N1ZXItZnByQG5vdGF0aW9ucy5vcGVucGdwLmZpZnRoaG9yc2VtYW4ubmV0MDVDNzc3NUE5RThCOTc3NDA3RkUwOEU2OUQ0QzVBQTE1NDI2REEwQQAKCRCdTFqhVCbaCvNjAQD14YRN+zGKPMy15BT9RkxzVj1l9htJq1Rsb1lJYHx4fgEA4kK8GIIzBcDddQQYt1C/MBTCH0gBz2uo4B3HE6Q74gI="

[[package]]
name = "gcc-libs"
version = "14.2.1+r730+gc061ad5a36ba-1"
system = "archlinux"
url = "https://archive.archlinux.org/packages/g/gcc-libs/gcc-libs-14.2.1+r730+gc061ad5a36ba-1-x86_64.pkg.tar.zst"
sha256 = "ac4bf01bfd48d43ea0f8093eac44e2db71147da8baf09cb09660e68a37151fbb"
signature = "iNUEABYKAH0WIQQFx3danouXdAf+COadTFqhVCbaCgUCZ5ua4l8UgAAAAAAuAChpc3N1ZXItZnByQG5vdGF0aW9ucy5vcGVucGdwLmZpZnRoaG9yc2VtYW4ubmV0MDVDNzc3NUE5RThCOTc3NDA3RkUwOEU2OUQ0QzVBQTE1NDI2REEwQQAKCRCdTFqhVCbaCsp6AP9/wzoZUdvV+6ndDcY8PRJD83t3k1+3BW+8rHmrvxZ3sAD/d33s9j+IFc96M0Z7pyITdjG5ZycDDByc9IPikXBKTAw="

[[package]]
name = "glibc"
version = "2.41+r2+g0a7c7a3e283a-1"
system = "archlinux"
url = "https://archive.archlinux.org/packages/g/glibc/glibc-2.41+r2+g0a7c7a3e283a-1-x86_64.pkg.tar.zst"
sha256 = "da18a599f5ed69c9480b78bb72387387c0da4d0b232a57ca3746ecbbb0ec3651"
signature = "iNUEABYKAH0WIQQFx3danouXdAf+COadTFqhVCbaCgUCZ5uX+l8UgAAAAAAuAChpc3N1ZXItZnByQG5vdGF0aW9ucy5vcGVucGdwLmZpZnRoaG9yc2VtYW4ubmV0MDVDNzc3NUE5RThCOTc3NDA3RkUwOEU2OUQ0QzVBQTE1NDI2REEwQQAKCRCdTFqhVCbaCkkwAQDAR9R0bPj23wgUcsOFu/d0jPUKPaWqayMr35df7OXK4AD/buVYMrJ3uEdnseXR4F5tI1HGmcWZmtbfDJHqIpyFVQs="

[[package]]
name = "guile"
version = "3.0.10-1"
system = "archlinux"
url = "https://archive.archlinux.org/packages/g/guile/guile-3.0.10-1-x86_64.pkg.tar.zst"
sha256 = "bf4d1b474045a88c7ad97b1ce56e8dd5786e5a10de02a8d33dc8f041edc8d01d"
signature = "iNUEABYKAH0WIQQFx3danouXdAf+COadTFqhVCbaCgUCZnkshF8UgAAAAAAuAChpc3N1ZXItZnByQG5vdGF0aW9ucy5vcGVucGdwLmZpZnRoaG9yc2VtYW4ubmV0MDVDNzc3NUE5RThCOTc3NDA3RkUwOEU2OUQ0QzVBQTE1NDI2REEwQQAKCRCdTFqhVCbaCruHAQDnjJsHGhq4cae34rHS1z+Hr6yzjVQSxvA6SE9XpredlAD/cstobLSMUsHswxf5df94XkoDPJdJs44uXE/iu9gsgQg="

[[package]]
name = "hwdata"
version = "0.392-1"
system = "archlinux"
url = "https://archive.archlinux.org/packages/h/hwdata/hwdata-0.392-1-any.pkg.tar.zst"
sha256 = "420fc1742f1ae0103cde0ba912f9e0a09eb6bf59ebbcf756e29c56946d6dcc0e"
signature = "iQEzBAABCAAdFiEEW34/txt/EDKaHAOrdx32Yn7faB8FAmeiUjcACgkQdx32Yn7faB/hJQgAuzPXFQgq4dTNLD4XrPQOLjt/mRAEq69LHQrVReBZFQ+p9/ON3TDelYbbPtdO0Ni6uOtSIUcMloD4jGk8l313mhZacb9GXl0Ex3ep2vo6hV76n20jrj3IOegkVcLdkw0r5rGaYNMABdDkEcNbHO2U52obR9tryucwo2ia/rsu3spslE+JnaYIJtSJcOHrq1PZJplpXxmX7+Kf1cWOz4YQy0nOd++23FVbvlqVuCh4SgHd4k4aM9SIzOoW5AqVH27KZ4Ki2W8EpP1KLLL6W4j3lAPeqs2x/xDiYDZKPiXO1G2eugvChxfGuyiBOQKIXCzkqyCkwgLJ4q0Xv5acA+Kc3A=="

[[package]]
name = "jansson"
version = "2.14-4"
system = "archlinux"
url = "https://archive.archlinux.org/packages/j/jansson/jansson-2.14-4-x86_64.pkg.tar.zst"
sha256 = "a67ab57d4a9b4caa2e718652c392345cdd9c2496d835ab1d0ff1e78ae4429fde"
signature = "iNUEABYKAH0WIQQFx3danouXdAf+COadTFqhVCbaCgUCZjJful8UgAAAAAAuAChpc3N1ZXItZnByQG5vdGF0aW9ucy5vcGVucGdwLmZpZnRoaG9yc2VtYW4ubmV0MDVDNzc3NUE5RThCOTc3NDA3RkUwOEU2OUQ0QzVBQTE1NDI2REEwQQAKCRCdTFqhVCbaCpfCAP4sFnTjSEIn5wDbLWGZOivsWT2SWPG6AgofrnUjaK/UMAD9E2u6D7WJbVTYrvDhVUz3WN6k8bVB8ZODyoIF66GWEw0="

[[package]]
name = "libedit"
version = "20240808_3.1-1"
system = "archlinux"
url = "https://archive.archlinux.org/packages/l/libedit/libedit-20240808_3.1-1-x86_64.pkg.tar.zst"
sha256 = "f7888a3a880f16f172f71fd83b081988798ae8f57faa4abe3e8a7a30f00fc461"
signature = "iQEzBAABCAAdFiEEW34/txt/EDKaHAOrdx32Yn7faB8FAmd1ZSYACgkQdx32Yn7faB8s+Qf+M5JqNn+fOWer/158BMRSB9PCCR2u047R4Iu4Os4eOne5q4Lw/Z6ox6KTgXHaOEEN0E6K/a6atOy7TrRS1sbx4+I0CGAsBQ7R2+oqyZpIiWE+jNydTsQsiN5jljFAHigoXhsnP5x96Ef9sTEcTsjE2cAtThmGj5v8h67kmGC/rEAffIDhfuZK9Yp/GJ2DkY/yzxKyrechYGQEmR28i7O6oiZGaURd8Ra0xe6jUjN35gXM13KeOyz9OR8VPvaZ7eP/RYEcvqjv2ZxeP6oRTzSz+EkqykbGFdVob0iRJ9pt7K0UUcz2rczcHPO2Cz5MiI2h85fQ6MQvsPfCAs0exTwPmQ=="

[[package]]
name = "libelf"
version = "0.192-3"
system = "archlinux"
url = "https://archive.archlinux.org/packages/l/libelf/libelf-0.192-3-x86_64.pkg.tar.zst"
sha256 = "155c7a1f71c00a9e439ee5bee397cdec342df6b79b2243a0a6c653d4f63005c4"
signature = "iNUEABYKAH0WIQQFx3danouXdAf+COadTFqhVCbaCgUCZ5ugB18UgAAAAAAuAChpc3N1ZXItZnByQG5vdGF0aW9ucy5vcGVucGdwLmZpZnRoaG9yc2VtYW4ubmV0MDVDNzc3NUE5RThCOTc3NDA3RkUwOEU2OUQ0QzVBQTE1NDI2REEwQQAKCRCdTFqhVCbaCre3AQCejABkLtahPmVGjPsZmZdQscmFlHazBQUpYsWSoMfJXQEAyaYFB49/5XIYJ2lIYae5Mp5cOTolbAGjW/UC1deVfQc="

[[package]]
name = "libisl"
version = "0.27-1"
system = "archlinux"
url = "https://archive.archlinux.org/packages/l/libisl/libisl-0.27-1-x86_64.pkg.tar.zst"
sha256 = "55a36e8195e6d9ce2efeb4276c60df6b6e7d94812fa36f8423d5ce664a5d34df"
signature = "iNUEABYKAH0WIQQFx3danouXdAf+COadTFqhVCbaCgUCZtWJeV8UgAAAAAAuAChpc3N1ZXItZnByQG5vdGF0aW9ucy5vcGVucGdwLmZpZnRoaG9yc2VtYW4ubmV0MDVDNzc3NUE5RThCOTc3NDA3RkUwOEU2OUQ0QzVBQTE1NDI2REEwQQAKCRCdTFqhVCbaCgPbAP9GNpnE0ra4qZOGYyJtfnyG42f8Z9dLpX21F/sY/a2UCgD/dz8x7harwjTofWctVHyyCacJsLhSq2jvSfrvvL4H/w8="

[[package]]
name = "libmpc"
version = "1.3.1-2"
system = "archlinux"
url = "https://archive.archlinux.org/packages/l/libmpc/libmpc-1.3.1-2-x86_64.pkg.tar.zst"
sha256 = "10554706eb15ed2186fbd55fd5db8fa5919788ac9a75d26c0b9ef5bdfca9d470"
signature = "iQEzBAABCAAdFiEEFRnVq6Zb9vwrc8dWek52CV2KUuQFAmaHCZwACgkQek52CV2KUuRjbAf/TmL9cCMXYTGsNmR2om6kT7XjczfZoFR9AM0FSTUNy5AuNZNUUCfm6ie6F4rFwHc3nETOSojScOZauZlcNiLrVriHYYFSZ8EhKiCJCo68a7KTbceBNoBuT6AEIpGMpIMti/cvWhu8VXl5JIRo8LNPBzDih05aCDUJ2nayKPYNHalDayu87sDXzJYXuzC8KD7XmUa7Kirn0ZpA4VZXc8CUjYYvn0wvRwLKQP4WMpszxmblQWjMVbQxh7dwC+gPtqIANVjoGKMRfr6QpT03XXIEaTBKbMsxeYFvwn+y2JN30t6oFI6LJADZ22VwimEzu06u+x9c+3+pr4k7Py43OCOGmg=="

[[package]]
name = "libsysprof-capture"
version = "47.2-2"
system = "archlinux"
url = "https://archive.archlinux.org/packages/l/libsysprof-capture/libsysprof-capture-47.2-2-x86_64.pkg.tar.zst"
sha256 = "be93301e56859f7769b92665ddda4e4b9e9db5ae13062dbf5967a92f9947b6e7"
signature = "iNUEABYKAH0WIQQFx3danouXdAf+COadTFqhVCbaCgUCZ5uf9V8UgAAAAAAuAChpc3N1ZXItZnByQG5vdGF0aW9ucy5vcGVucGdwLmZpZnRoaG9yc2VtYW4ubmV0MDVDNzc3NUE5RThCOTc3NDA3RkUwOEU2OUQ0QzVBQTE1NDI2REEwQQAKCRCdTFqhVCbaCogbAQD0NpnjUFc59xVtSYVKh/m2G5UwQbdw+K5rGJ7xG7hSOgD/be7sGpULVFQkoJC9A/KrCHpidmnGqogeRIDvBg+25wI="

[[package]]
name = "libtasn1"
version = "4.20.0-1"
system = "archlinux"
url = "https://archive.archlinux.org/packages/l/libtasn1/libtasn1-4.20.0-1-x86_64.pkg.tar.zst"
sha256 = "f3883e75f33797b241032a2cfa60cb5caa8636914b42f8fb7ea9b2eb23d6f837"
signature = "iQEzBAABCgAdFiEErcih/MFeAdRTEEGelGV6sg8qCSsFAmek3+wACgkQlGV6sg8qCSsvAggAorQgQRBNdAT5qYqFyd8fmtJEfVDv0NHAb2L1AbQaZmPu6CJpqqA92+RbdoiW3YIG3RILwiNEfGHfROQu2oCTFAcFt1RCdtU6IVgIdDjx8i9I0IFLBtjGlpX/jObDp4Hnn058rMLxj4ERiJhygUzwKkYqSLHi/XAe6Q27325NQyayywUsCVZpIC+9+tBG4IJdkeV7Pr5MV1hmgcdeGH8CflPGYsccnRCFq54WKLwJprLm9WPfdRgfPhFTaTbefoK92yQFwSkvBtbD/65JR80v6fzo5+jRS+RU1Kc5E967eTvXyBTONzIxB/vx475D4FPaYy8CSyW9tS+eaALV+lda3A=="

[[package]]
name = "llvm-libs"
version = "19.1.7-1"
system = "archlinux"
url = "https://archive.archlinux.org/packages/l/llvm-libs/llvm-libs-19.1.7-1-x86_64.pkg.tar.zst"
sha256 = "44de8dac4c85c2297d8a8b9b4f8a71d422bd2452b6b0f442859f92c5319daad3"
signature = "iQEzBAABCAAdFiEEhs/8qRjPOvRxR1iAUeixSKmZnDQFAmeLq+kACgkQUeixSKmZnDSQcgf/UE3HidSGyn485QxUdNk6ffxyRMIxQixiaMPVcFQlTCNoC2c3oN/Y9bp5qWN2Oydh5J17nVy6el5mpVzaSFrVA05cFP0eoOIy1RrlC2ko54icSmchRyD1bGHfwBNlurkCU5y1AQqbo+5Exfg31Vj5NsXdDst5E51WfP37/NxZ9holoXk17Lb5vcgQ/GTgmzEWL7Gt+CF5X0AkPCOejBtBrzcSWM2T4s6dGatM45PCTSWHzgLbi9RuZwd2y0jPZPPocvsmxoi1q0KhjteCXWJpn/HpksmiiRNIG1RN9uV7Vp9f0rVEoWaf1VbdzNyXrdoRFxdxg1Nt0en9VrwhMuX4Mg=="

[[package]]
name = "make"
version = "4.4.1-2"
system = "archlinux"
url = "https://archive.archlinux.org/packages/m/make/make-4.4.1-2-x86_64.pkg.tar.zst"
sha256 = "7c1bc0d882f7c8d1bcb305eb7efaabc19ed6afa5a9a443575fa0d5ed57985535"
signature = "iHUEABYKAB0WIQSZH24/B2XPYpWIhYYTmwnaW/DTOAUCZBT0lQAKCRATmwnaW/DTOKwJAP9/kfT3rO0NhbD8wuI6ajzjyKtrl4SfuU0yu/PKByXQOgD/aYSvsyXylJhCadU2smO4LbP2Vj9fnIvEwPvbXbesVQ0="

[[package]]
name = "mpfr"
version = "4.2.1-5"
system = "archlinux"
url = "https://archive.archlinux.org/packages/m/mpfr/mpfr-4.2.1-5-x86_64.pkg.tar.zst"
sha256 = "4ae09cee01703d3f1b8053607b81ca9a11de1bedf3e58f01c5b0ed120664ad15"
signature = "iNUEABYKAH0WIQQFx3danouXdAf+COadTFqhVCbaCgUCZ5ugCV8UgAAAAAAuAChpc3N1ZXItZnByQG5vdGF0aW9ucy5vcGVucGdwLmZpZnRoaG9yc2VtYW4ubmV0MDVDNzc3NUE5RThCOTc3NDA3RkUwOEU2OUQ0QzVBQTE1NDI2REEwQQAKCRCdTFqhVCbaClbEAQC3oGtKSC5SAYygJDddbUZm0sol01fsUPFwpXffUt+mSQEA6GsszA0Zk0RcNmpS5p4l36jh9+W79H5ITlagcPBSCAI="

[[package]]
name = "musl"
version = "1.2.5-3"
system = "archlinux"
url = "https://archive.archlinux.org/packages/m/musl/musl-1.2.5-3-x86_64.pkg.tar.zst"
sha256 = "d06d3154f4b9feebb5e2089870f4aece3d943199e7a2c9cae8adc1fa4ffce049"
signature = "iQIzBAABCAAdFiEEM+u4qOHFZTZFsSMqRaZQ4mOMU20FAmeRK5AACgkQRaZQ4mOMU234pg//X5HK6EANyDMYQepeAXGeD/tZmQ5RWyi4OKe61vdc9EZLjUAon3kWsJDvcfyIJWBdONuyjb4IQmRPPu/ZtGsy0844K3SIKNnJk8bsGtMWUVXO/oV/qrdrE3i6111rgXBeTG4+KVTwOzXkl/CnGZGre03QmFvtR4p/TJufBxLtc5WxKJ+CXMwvb0cQhuacPY2NiHuSgQxa9q8fbr+F6MDZeOhLTygrNlZcgwTHPq4oka6/2Ulo6KOFWfc6bwOpvG/pXc0i3Rve8cIK0loROagK5mqQvOJ3IaO3Qx3SZsY/JhauzxroX0YszqDgNYf1fWvB+deUR7A7S6yRUMfvR4VXtXkgapMAnmNZRMyVIYfmTHGu2X7F5Rt8uD4ryhx8uzU8wsFEVrSGsTYLuJaSJifNdDvLd65cFTItmsXsJcbR8POAE9agZH/4pgxFXyICa6uZfesy3gdD7gndoGHZbKhcR+Aufp+MKPYkjg1zaJtIQGn2/9ck4y1JEJO34IO+qF7GzqI+hWyhemmJnbMxIASafcNgSyrCnEaR3ep0LJl9NyNTOKPxk66YGbRPQ7qggEv7SGotZHcTCJ+4mNIlsM5ONBB9APpHnx0irwCuM8SdXKb6PaY0L4THeNcPTA1PYQEfFuzpBChz41qmg7HPaTq+CjP+iyit4qOIC5dsisLdSaE="

[[package]]
name = "musl-aarch64"
version = "1.2.5-3"
system = "archlinux"
url = "https://archive.archlinux.org/packages/m/musl-aarch64/musl-aarch64-1.2.5-3-x86_64.pkg.tar.zst"
sha256 = "dd3c34fce98e897b0d231974477baf61732adb5bca7ba0c5671e2c7e5e23b7bf"
signature = "iQIzBAABCAAdFiEEM+u4qOHFZTZFsSMqRaZQ4mOMU20FAmeRK5AACgkQRaZQ4mOMU22xPg/+MKTFrbAk5iKKgFcsC/7NnQza/hMZagBw0NNfDcJPch6iSOoqQIQlbHpu5zHWbWfRYz3OuE7afUsENd9igRiu4P8hx6hRRsxqJXsTEO+9GDJsGE223ll/gU56aLiMe+wDkAqNZ4GeoZ6KGQAiO7zv6mncr/UgzGkDRxLAdIjy+jW2tXhX9x/YB+eCu1dKgRrjyb2je92qhC8q1/znKEDzeh8rSuD8UVdltDsqVPKE9/lHVu6cfYmWtPAzHTBVpTRc0PvskC9VuAQvnBD456+IkTzFz8VdcEyyAUm4m59kKCg+kkt9KApgYjbPDLngyxlGA99PG/8v3bqqwnLVMrfrZNu5SPq8J4GDDtaUgzJ20/7u3RcndG1hKF6yhoB9sUZ0MlHw2ATnzBSEObV2Fcn/ZgpnJl8GUBTWYHCoWysPS0wNRQUKCixDZhIjJzA40etvqvpxKvYAAn9uJ4F1DrQ2lG2g5WaMQ7wBMQlPyDSSf6p/QRjq+l04NW2krq7FhM5RybEuuaYh1o0zN+w5QRCa6FDp3lE3zWeUP1mosuv0ScbghCBlRa7QKX+HlCUgMRijRq2yIpd6vQV58y3YfHbeZFaTFjymHSo/kPDzvt12gv5s3zkhsN99e8itPCU4WjmBQr4ZP9wQPBtRF88xkuKOcOnZoPvJ1TO2oPe+hZZE8zE="

[[package]]
name = "perl"
version = "5.40.1-1"
system = "archlinux"
url = "https://archive.archlinux.org/packages/p/perl/perl-5.40.1-1-x86_64.pkg.tar.zst"
sha256 = "25058b8e980e0826b43f80611a462cece566c51b1734e8e580f4fdea19d79c12"
signature = "iQEzBAABCAAdFiEEFRnVq6Zb9vwrc8dWek52CV2KUuQFAmeNAbgACgkQek52CV2KUuTgJAgAikTI0w/WYucmxyBhkJ7HOPfq+c2n0dwHMQOmoiTP5sxw903jZZptUPm0Qj+3SCbWHdDI8oH/z/h0V+rbyc1RXg5nYX6S4hj0vFzSOQceFAcDamN9ZMvy7iE5oGCtj/ZDWszEnv0ikM0oj4EKOpwUT1K9mq+tQkNNu1fxCjPv8Z9mCQdfptBYH346z7K/RcGH7vc4czufhCZ/W8YSZpINBHL4aztSO/Roh1Fb/EIZ6wIb3s9GvNXA5O3HiK3PrODog7yydbvmdmDRMR3cT07oFV8FJwYZpRb0S+X5zywlNfv/BXbG96MEj19FPDpgnUtrkFoJJ76tC+nWFy81ht2sfg=="

[[package]]
name = "rust"
version = "1:1.84.1-1"
system = "archlinux"
url = "https://archive.archlinux.org/packages/r/rust/rust-1:1.84.1-1-x86_64.pkg.tar.zst"
sha256 = "f020f738045e13855c19cdc61976ca16cc3c1031a7afea74e61019a947443f5b"
signature = "iHUEABYKAB0WIQSDvIiJNRtd67toQW64rAhgDxCM3wUCZ5yFIwAKCRC4rAhgDxCM3ysdAP0YX/Qw9kF/l+7W+xxvnjmsyk6i7kVxieQZYW8KaTsITAEA+sW4KXH19WgZoNsR07qvRYbzXP979SIdXbR642dAqwA="

[[package]]
name = "rust-aarch64-musl"
version = "1:1.84.1-1"
system = "archlinux"
url = "https://archive.archlinux.org/packages/r/rust-aarch64-musl/rust-aarch64-musl-1:1.84.1-1-x86_64.pkg.tar.zst"
sha256 = "0642ce7d9d27e7148cba3ad33b890986c417bb2586df935f01de6611a92a2590"
signature = "iHUEABYKAB0WIQSDvIiJNRtd67toQW64rAhgDxCM3wUCZ5yFKQAKCRC4rAhgDxCM388iAP0XpLJnb7rzapbYnFEQQfsNKOoK93so9V4KJD+j8WLJHgD/f99NIFWXCXS/zRJsPNFyoGjBN+BvbtPayIAe8Z457wI="

[[package]]
name = "rust-musl"
version = "1:1.84.1-1"
system = "archlinux"
url = "https://archive.archlinux.org/packages/r/rust-musl/rust-musl-1:1.84.1-1-x86_64.pkg.tar.zst"
sha256 = "0744973d99b76c638cb3c1f75bbc83837129d2591366059240c240e7694a6d48"
signature = "iHUEABYKAB0WIQSDvIiJNRtd67toQW64rAhgDxCM3wUCZ5yFJgAKCRC4rAhgDxCM31byAQCUCqyKfohPVuTQgLZpMzKpEalwFXJWKzwJK33iEnn9wgEAiblE9Y52pF41Mb1YesO+ySwFwaqgKOhTmeQ97JSf4As="

[[package]]
name = "sqlite"
version = "3.49.0-1"
system = "archlinux"
url = "https://archive.archlinux.org/packages/s/sqlite/sqlite-3.49.0-1-x86_64.pkg.tar.zst"
sha256 = "0569b67f1a32a5c6528239a35258f257d24db0a842cf781819138d05213f5955"
signature = "iQEzBAABCgAdFiEErcih/MFeAdRTEEGelGV6sg8qCSsFAmekyewACgkQlGV6sg8qCSvzRgf/apsUo69JvRKkrrZfC3zR1L28LR8ZthH7SAUnYmOSUl8oEveX1TVpHl2uCbGieSXxRbkk0YJBTDLlPS+CQ8NvIOG616XvBnI6Uvacg4vjdoTgbKwCgn8utkiSQInBHLi+MOvrMj+kCGAZWQuwdQROcu+GAsJk9x8AiSIua05PXZLKH72BbKMqLrNyVW2NrCrkuJPEOF796Jb006KNghFBbi0HfGcdM7muPF4lZwX6NLclx8WniZI60Se14Qu/sEQEdxDBk61WrcM7n3ULLQae0aD87VVDuNeufKod3Qr70JsVBLSJMD3m0kwlmLToP1xSeDQBsQBisEdAmPfD9v3IQw=="
