[container]
image = "docker.io/library/archlinux@sha256:0ae99d31dec8d486b79831481e66be38eb384e5ae27c28929a9da1a03dbe535e"

[[package]]
name = "aarch64-linux-gnu-binutils"
version = "2.44-3"
system = "archlinux"
url = "https://archive.archlinux.org/packages/a/aarch64-linux-gnu-binutils/aarch64-linux-gnu-binutils-2.44-3-x86_64.pkg.tar.zst"
sha256 = "9f045ef798922b5be8f197456ccba233360c0aa3735b815f470e2429a08df319"
signature = "iQIzBAABCgAdFiEEJipY7GxR9+o5Wy4t/cMEC5Ksp0gFAmh42c4ACgkQ/cMEC5Ksp0gwZw//b4sCR4+V7dTMIMm4xv0TMMC4I/cIwc0Dec+f1Z+wK8o5wn9kq/nj6xdogDbBSf85Xkcow8lwocGK6ygGmFE5kpsirP4lkITRUgN0gR6diP1meEIQIXax2PUhViZM7HsPscy9uzUwdvPZNYm7sO/QRI5aNbqICRG+U5wSJ13hLObuFqlegHr9zthuOBsbAWrcbgi7V1EjF0CJiU8GBWpy+4XQyFe42MjVgQYRcVVSVl8AXty9m5kEmmvhPoAw3vhMHdWT0zolhVPN3PxZIXWj9gsBrQLrAJCqcGWORk6lK5EW2g7o1ErwcmLl0PpEG7W1xht9qTMbjqa0TY3zBPIm1SdCG6MMxhrYYT0S3eEM2olNaAU9TK6jFGVCflo6UGKpZ3gIjr3Kv2lz+wxqnkcVaa/n7ywMbGMokinOrr2LlvxiZUM5g76rtieXymCwDRdfCq7el2vol6XoTTdcFjt+OUZ8f2rzuC/44J5FnYz9bq2WZYEhvvxR+gdJq/iCcMjYutI9H4JOrniu0RzF+kIVsIzdRVCmaTbW6Yu8WYQHNIDVJDgCxWsAG7JlpIvp9K+bhV52+jVDyAsNPsLB21ASSO4pJ+v7hoN6KscWFNkGk+DRVvz1hvM1KJWHdt8uAB5Wm2LIPy6zU0OZuwFDBd/9VdTZD8txT8sil1Bpv8Zzw7k="

[[package]]
name = "aarch64-linux-gnu-gcc"
version = "15.1.0-2"
system = "archlinux"
url = "https://archive.archlinux.org/packages/a/aarch64-linux-gnu-gcc/aarch64-linux-gnu-gcc-15.1.0-2-x86_64.pkg.tar.zst"
sha256 = "5262d9896a222def90bc047cbf87ede769f511c57f40800a7cedfbe66b249b73"
signature = "iQIzBAABCgAdFiEEJipY7GxR9+o5Wy4t/cMEC5Ksp0gFAmh42ykACgkQ/cMEC5Ksp0jbJRAAoLpfEULFMmZWUf43k6qYR4O+RlAj4Lj2o4OWYh9ITu7iy5gEqAax4EJ6xg4S2NRswm+6AZ9GREHpPKY7MTyNNC+qehDVfFGGUD/kNJ2Y3BDzjSRltpk6eh9bzZkdxnDYCXEu3gip5Q/4EjTkt2AOVFMuZW8ZeCO/3tuvW2aZUG3U5G4JU9uVPrQZE/YZqqvr2PF948av8fKYZCa0Nte/aDiTAD5El+xOmA/jac+zsIXV+t9YkPafhiz6dMh1gGhAVIXIptH12df0nriZeq2i2kjBeJN59BBJLsrtJh2LOCgTXVIr3ApYkEkTuf+LjUdF58+qYiHplOUqlQqkR8F3CDevPWcCczr6//swd6zTd/UKiRAIO6VEKQWWumNi2gxTzLqOM3EkCvJvoOyyuxRre23iBsdAt4ETgy44sQ1Q1Ot/899LgdJ4XrD0d/ImjOoZ9I4/d3+v5PazLmRcQUgYdezHaSF3GBFTxBgLB3moKnM42Lr73MrrZLmVM3wiyguFemsxlCleYE/LGqIY373JJiSEYoMIrTwGz30ipGXn6Yf+1FhaZXDbrLg1DW3ufYo3NLL+3FpDj/0igFskEuoHA7OFatvjEtVdhntqRMAEGsFum+ueRW/e/1mJan0VoAnDoy6AORlav64QNml3O2n9GX2zZeG4CYDp3RuQeYEHxM0="

[[package]]
name = "aarch64-linux-gnu-glibc"
version = "2.41-3"
system = "archlinux"
url = "https://archive.archlinux.org/packages/a/aarch64-linux-gnu-glibc/aarch64-linux-gnu-glibc-2.41-3-any.pkg.tar.zst"
sha256 = "0797e24f649c84cad2439f3eb13e5446df43511066937f09ad517f3649ed459c"
signature = "iQIzBAABCgAdFiEEJipY7GxR9+o5Wy4t/cMEC5Ksp0gFAmh427QACgkQ/cMEC5Ksp0h4qg/+OTPbMVVg0zi49opVoWZgyoh2cmdlc//KFllA5cG8nnoZscrlT4klyY5gtkffd53IB2NE+iPny7Zijuw+6HJoC2jTC5DpeBSQH/+nryb5YNpTRlkwLfUYrRwVo9H286kZXN3zjdGHUl5gb0/tez9jCBjeJLUsE0HtknzwBmZ+9mkD9/2dqVaUBZv1X4vkisXKasqOHL3qyQzkg2hBsRvP0xeKPrcSmrsiNpJ1aBadDwxuzornhefjyaMD/2O3M9b5MdyWaiYOzGTEJfdZgawDkLIQkplmljuvt0yJzPH+5I0DX7D7CM/MYCfmZVvYzxCdkLi+nXTwKqyYV04AH+qpMM3STpNnaejSztDYMYaABV2901YgSCSW8+vPLTAYfyNKRkar+RDSO3Mbd0K8WEmQ6S5/JZOTvbT+fD9pgmOokbGOpWVwwxeL4es/4ikgSME5rzAWOETJbLpkaHIbRj9eeW6jsGh14Y7izJy+DzMFCi0fBPkrp5zrjpnmN87WBgwbT2XTlOX9WHn9w3D//SlVBiz3lHi+4/vErO5v6EDSSW5rOxCRPaTzKqzMoFLAhcpuLJkvcCoZK0K4pg0z/d9yikNspTQvl/lv9GYNWL57A+z4fMW/anbkTVtndHpRMWdK9VKd/+7EoD3U/fvUcg3CPpIIJZwHI+K2jOF9d7gBg5E="

[[package]]
name = "aarch64-linux-gnu-linux-api-headers"
version = "6.12-1"
system = "archlinux"
url = "https://archive.archlinux.org/packages/a/aarch64-linux-gnu-linux-api-headers/aarch64-linux-gnu-linux-api-headers-6.12-1-any.pkg.tar.zst"
sha256 = "500d6df001985aefeb2305d5061ebde6b5cc7f67d764827f99d2e9de19498450"
signature = "iQIzBAABCAAdFiEEjhmSFnRl21+wRVV8sChU7XU+Dx8FAmc74MYACgkQsChU7XU+Dx8dPBAAimRTvl2Kgm+AV5rnmsb2rceOskQ9L4dfcB4iJA/dKGtHB4jnzlGfYez3v4T4JjlwVsbfWcFN47CdbYChHP5wPOgNYNo76B3Qy6eMjpzu7+I/wkI6f8G/oKqYfksaJWp94z1Br5K/Mf09HQCgkLNHtNFCUo/ZEePRKYw9Rcb3hOUZZ02pEcNMy1VtGP25+2beWTr+K9MYgW/rxCTjoRlEVgggAbYU7MECTBZlnauP1VsOqwuBl1EaPXzlcBJX+KODnM088TRMIuLIP4mOVDje2cxhtTyhkMirLn+YYhOhPtqm2r0VgEQgApDYsd3zOujN26lVvefn/Y1i1EUTaK1Ej//K1KGUYEUtouIgXInI0a2PfjSOXn+21c9vTydBZaP9A1qHaw8SA/P8lr+vTkxhW03KPzZ6yMHohzdTRL34lrVjAV/H+yYpDHcAFuLEnHAOs6rnpCwSEGd9yfbieO66lmxNMUdYw/RaLZNtkjIGd2DNOZ2qky5LyxuNx6ibu3MSx9kyFQJFQAqtTSgK2bttbbHVfangSEcV4WK4GHUZ/Ljjb+8qf/Sma2OSbpGBCZQ50Jh5W9ogQ7Rb0lsUhD3OU9NNxOjs2EM2NhXd+3o/7kYjoU2JUrpkDQzCkvgrpPzCg5EPa3shrVuM6zXKT7W8/ZLvONVvhi5ntPTHyMzfo4w="

[[package]]
name = "binutils"
version = "2.45+r29+g2b2e51a31ec7-1"
system = "archlinux"
url = "https://archive.archlinux.org/packages/b/binutils/binutils-2.45+r29+g2b2e51a31ec7-1-x86_64.pkg.tar.zst"
sha256 = "9b4e769969e6b659868466582179adf9fc51dcdd622561e8feb5feb393faab65"
signature = "iNUEABYKAH0WIQQFx3danouXdAf+COadTFqhVCbaCgUCaJyzVF8UgAAAAAAuAChpc3N1ZXItZnByQG5vdGF0aW9ucy5vcGVucGdwLmZpZnRoaG9yc2VtYW4ubmV0MDVDNzc3NUE5RThCOTc3NDA3RkUwOEU2OUQ0QzVBQTE1NDI2REEwQQAKCRCdTFqhVCbaCuAUAQDxsvXdPvY8+iaMBTGS8VC+fCzquULwmaHYltelv2vb5gD/TZ/2gh5J7JLH0XRu+BlhMYaV5gRaIiuEWUX1H2WkKAY="

[[package]]
name = "ca-certificates-mozilla"
version = "3.115.1-1"
system = "archlinux"
url = "https://archive.archlinux.org/packages/c/ca-certificates-mozilla/ca-certificates-mozilla-3.115.1-1-x86_64.pkg.tar.zst"
sha256 = "55c608b0157c696d322ae83c0c04464b071b0cf30d1a2672c789312fbe9195a0"
signature = "iHUEABYKAB0WIQSDvIiJNRtd67toQW64rAhgDxCM3wUCaKtX6gAKCRC4rAhgDxCM3zC6AQCihbSIj2Jt5DBvSU7PFhO+H5/ORQ9Doyg1iDjUb+HiAQD/WHuxcQLj4OYUSR2UcxKRpSNS8xaCBi3lNQAp1s6+GwU="

[[package]]
name = "cargo-auditable"
version = "0.7.0-1"
system = "archlinux"
url = "https://archive.archlinux.org/packages/c/cargo-auditable/cargo-auditable-0.7.0-1-x86_64.pkg.tar.zst"
sha256 = "82f524b2e802fb505cf759ae62af7752a96edc6834b3494c59e5153b04eae297"
signature = "iQIzBAABCgAdFiEEFl4P98SMIm4ew2On+DQkgks+S5AFAmhney8ACgkQ+DQkgks+S5A5shAAunUQ9LIyTt8sUAp98sKGaw9RoDTce7QZ276FLIEv2BU/Rahmuc8gK+aPu8AivDuabiOVi/k02wvw5A7qf0xfPp6IOjiVWGHDniVzLlK5XKKIKc1K056nMtszm9q1HuWN6M4+/nOBpxDPJ+L4HpLhoCKeB7AnjvToSs6n9Od9l+xQR9idQcNo1/y4GdR2XdTVy4kxEqBR9o5PymdvEo8/c8B6J2QqEyEuDyxUxTUR259RRlzsU4eBvaSLrVo815X6PosCnDyfjDRGOBiN1hRS9pgaWsLLM0xa1x9O+fTvdqqdQ2qCuZFNSnMU5raz2gVOnlhp+w6LiFhKaByP47gKTcK1sMK6QbGriLuroAPsS1uzVWYQ5i+MzwieIzvsa+9a6Hq/f3YAmlBzFfUJUZJfWrDx2lnhpOur+cTonbGOgQKVq8krMah4umjILuvrwzMcMo+X+YQa6tm7C0irB9r4VOmrDuY8sPI3gmeTZi7ApO57TSMmX5n/HMAvMdT//YE6dTg+AVM7s3fajYddNqc3GyFL1G1DzhJbcm07WvuPTffDHVS7utK/pp4T0I0HP4nk022xFG/mQgJUKQv8F3S4lp9dVyRPgqedptkBoJbkhzIs6aJW3slwN0sZYx1shbHV7U3RdemPCDuZQMOYV+dl1++T8Y9lA6wbrvAQU2BwIMc="

[[package]]
name = "cargo-deb"
version = "3.5.0-1"
system = "archlinux"
url = "https://archive.archlinux.org/packages/c/cargo-deb/cargo-deb-3.5.0-1-x86_64.pkg.tar.zst"
sha256 = "d00eaecf00081117c99a5342426d7bf69d7507c574dba18feea323ab330f6972"
signature = "iQIzBAABCgAdFiEEFl4P98SMIm4ew2On+DQkgks+S5AFAmie+VwACgkQ+DQkgks+S5A6dQ/+IKr2GHgS3ZtYiru0FCyE+USkl/c0YiaI99K5ZeWDbRaZJmHkThfUqvDKLW0cJkvpdxJNYK7a1k+FMwT4any1IKLBAQQgrpFBq12Hq2rPrQ7pp9ulTVU+wlctWqwMuOIf0L3d9KrahaKoYT4Z5Uk2ADGOAqjLZAIbPVXi3TFrmduCosl3Of48DPVsKhfOt9bhTAqyw2IadUrS3dV/SmeIVCUEHeavrHoa6OFLekHyXLSvzg4Vbmpfw8/MPhgnPvJBDJhTujpANyj+bolwKh7IMQTrbgqKdoH2/glQQ8ZYzDAvRwUiAOcG04UDcfALGFs4Li8UMDJcplQdL+ZoVThgzQZSwrm533fja+Ic58jnanuIqyBGQ4YFTzTQ/znL2ek2XllMmHmaRd0pL4xMLqfaCillAhFaJCuMHpzWcZRvmxkyNg0YnRAR+ccSKnq9KhgXMO55tYatkSGeFF4gGdUJ7G0EAKkNc91HSyhupqazFoQglJwapbhceNIK+ekTbIkre396t3eEV95tpbfmS3N9QWoQAoF/YmX09ttHa90+uie+eyKMOyOG/9LVHfcRn041Fa/Krcu05810yWZmnZtwmmqh40iSaBN5edocDRBacWSOeROrWugi/GeKaikDWb1cSiw4lX76oa+yj73Fw/+WDcvq7UCAyCS2xdetqtibfyE="

[[package]]
name = "db5.3"
version = "5.3.28-5"
system = "archlinux"
url = "https://archive.archlinux.org/packages/d/db5.3/db5.3-5.3.28-5-x86_64.pkg.tar.zst"
sha256 = "edb56c7d84c438b387a53ee414daff2611f62e4804ec8f2995e17b34437c0a4c"
signature = "iNUEABYKAH0WIQQFx3danouXdAf+COadTFqhVCbaCgUCZjJfkl8UgAAAAAAuAChpc3N1ZXItZnByQG5vdGF0aW9ucy5vcGVucGdwLmZpZnRoaG9yc2VtYW4ubmV0MDVDNzc3NUE5RThCOTc3NDA3RkUwOEU2OUQ0QzVBQTE1NDI2REEwQQAKCRCdTFqhVCbaCsm7AP0bbQgsaPHKPqJfVCfxYO6mXx1nil0GatmeIGwU8miQgAD/dye0wbQaVcEgF4Ev8KDbQt+djEaHgfQFtfj9C64Vrg8="

[[package]]
name = "dpkg"
version = "1.22.21-1"
system = "archlinux"
url = "https://archive.archlinux.org/packages/d/dpkg/dpkg-1.22.21-1-x86_64.pkg.tar.zst"
sha256 = "a2bd16e3c61e779d2757e164c5d878be76eff5233d279627881eaf1f7fe605a5"
signature = "iHUEABYKAB0WIQTrPXZP9dh+CBij4OXwXowSExrrXgUCaGTJpgAKCRDwXowSExrrXuL7AP9YLNW8FPMZ74SzHcBqF+D2zlg3dkkneQeNAzmQ64EvRQD+L8/kBiQM+y2Cc2NefrpftG6m28FM+SskoBC+a8OkrQU="

[[package]]
name = "gcc"
version = "15.2.1+r22+gc4e96a094636-1"
system = "archlinux"
url = "https://archive.archlinux.org/packages/g/gcc/gcc-15.2.1+r22+gc4e96a094636-1-x86_64.pkg.tar.zst"
sha256 = "fda9f88e73477e7201a7d8a012b949b1d0c53660b4598e2252930190598f7a05"
signature = "iNUEABYKAH0WIQQFx3danouXdAf+COadTFqhVCbaCgUCaJyzFV8UgAAAAAAuAChpc3N1ZXItZnByQG5vdGF0aW9ucy5vcGVucGdwLmZpZnRoaG9yc2VtYW4ubmV0MDVDNzc3NUE5RThCOTc3NDA3RkUwOEU2OUQ0QzVBQTE1NDI2REEwQQAKCRCdTFqhVCbaCtN8AP9GVil5dJ5FQ7GTYEH3KblDVoXX5Szl5Ihzbh0IJs+9hQEAl1ezL2qACtBZSZKeOqQzBtf/PHrDNdLQfwSTRvx6MwI="

[[package]]
name = "jansson"
version = "2.14.1-1"
system = "archlinux"
url = "https://archive.archlinux.org/packages/j/jansson/jansson-2.14.1-1-x86_64.pkg.tar.zst"
sha256 = "18bcb1ca84cf1a59a09d8237d379ceed73acaa1c50ab7a3339800ff665a2f230"
signature = "iNUEABYKAH0WIQQFx3danouXdAf+COadTFqhVCbaCgUCZ+RdUF8UgAAAAAAuAChpc3N1ZXItZnByQG5vdGF0aW9ucy5vcGVucGdwLmZpZnRoaG9yc2VtYW4ubmV0MDVDNzc3NUE5RThCOTc3NDA3RkUwOEU2OUQ0QzVBQTE1NDI2REEwQQAKCRCdTFqhVCbaCj9MAQDhsiYeCDjvXoHp2TSRinf8gW+FDlRk53V/gtTpqofDhgEAj9NTp35ZhpycEzbbofVyGw95ZAwHVIEHLZ9jhRGHkA4="

[[package]]
name = "libisl"
version = "0.27-1"
system = "archlinux"
url = "https://archive.archlinux.org/packages/l/libisl/libisl-0.27-1-x86_64.pkg.tar.zst"
sha256 = "55a36e8195e6d9ce2efeb4276c60df6b6e7d94812fa36f8423d5ce664a5d34df"
signature = "iNUEABYKAH0WIQQFx3danouXdAf+COadTFqhVCbaCgUCZtWJeV8UgAAAAAAuAChpc3N1ZXItZnByQG5vdGF0aW9ucy5vcGVucGdwLmZpZnRoaG9yc2VtYW4ubmV0MDVDNzc3NUE5RThCOTc3NDA3RkUwOEU2OUQ0QzVBQTE1NDI2REEwQQAKCRCdTFqhVCbaCgPbAP9GNpnE0ra4qZOGYyJtfnyG42f8Z9dLpX21F/sY/a2UCgD/dz8x7harwjTofWctVHyyCacJsLhSq2jvSfrvvL4H/w8="

[[package]]
name = "libmd"
version = "1.1.0-2"
system = "archlinux"
url = "https://archive.archlinux.org/packages/l/libmd/libmd-1.1.0-2-x86_64.pkg.tar.zst"
sha256 = "df618a24378634cc3bc687fad358d6cd440521298e3820938aa4ddf40983fade"
signature = "iHUEABYKAB0WIQRUwf0nM2HqUUojd5Pylr3lA2jGzgUCZpGURQAKCRDylr3lA2jGzp58AQDpIoHUxUivXj8L+JBh02WHTyfgEUmBJDs/wK1Shw5TIAD/QQtHe9J7TXvajrEYUqq3nTD4fOW5j905TD990J7rTAg="

[[package]]
name = "libmpc"
version = "1.3.1-2"
system = "archlinux"
url = "https://archive.archlinux.org/packages/l/libmpc/libmpc-1.3.1-2-x86_64.pkg.tar.zst"
sha256 = "10554706eb15ed2186fbd55fd5db8fa5919788ac9a75d26c0b9ef5bdfca9d470"
signature = "iQEzBAABCAAdFiEEFRnVq6Zb9vwrc8dWek52CV2KUuQFAmaHCZwACgkQek52CV2KUuRjbAf/TmL9cCMXYTGsNmR2om6kT7XjczfZoFR9AM0FSTUNy5AuNZNUUCfm6ie6F4rFwHc3nETOSojScOZauZlcNiLrVriHYYFSZ8EhKiCJCo68a7KTbceBNoBuT6AEIpGMpIMti/cvWhu8VXl5JIRo8LNPBzDih05aCDUJ2nayKPYNHalDayu87sDXzJYXuzC8KD7XmUa7Kirn0ZpA4VZXc8CUjYYvn0wvRwLKQP4WMpszxmblQWjMVbQxh7dwC+gPtqIANVjoGKMRfr6QpT03XXIEaTBKbMsxeYFvwn+y2JN30t6oFI6LJADZ22VwimEzu06u+x9c+3+pr4k7Py43OCOGmg=="

[[package]]
name = "libsysprof-capture"
version = "48.1-2"
system = "archlinux"
url = "https://archive.archlinux.org/packages/l/libsysprof-capture/libsysprof-capture-48.1-2-x86_64.pkg.tar.zst"
sha256 = "99a5cc4b69f30bf3c6aa98d70077d68637510438c1852ed1be37d390ac222089"
signature = "iHUEABYKAB0WIQSDvIiJNRtd67toQW64rAhgDxCM3wUCaK+zGwAKCRC4rAhgDxCM3/loAQDsxHzbi4jSFbYi49H3bAhl2mKU04qGx8quKGSXLg4JNwD/YZQ0SIBjsGkPosh6XC/RDu8EmAmhIWVyxYrSKHknBQI="

[[package]]
name = "libtirpc"
version = "1.3.7-1"
system = "archlinux"
url = "https://archive.archlinux.org/packages/l/libtirpc/libtirpc-1.3.7-1-x86_64.pkg.tar.zst"
sha256 = "2d43a2bab8dbe99fa817d327bdf23ec559a337ebd25b48c691cff73f3eb138ec"
signature = "iQEzBAABCgAdFiEErcih/MFeAdRTEEGelGV6sg8qCSsFAmisrI8ACgkQlGV6sg8qCSvzHgf7BSuGK87ECqpUMHwxIxlbEzwhcq3zWs+ZZUtWKrPn1F3Bi4YuF/12nxCSC1RHAwBxxeqfrQoyBW8D3F9ucKNl/9X6av7QtGIGbExwQALMNKKOnAbgYsP88LICodsnYZUGgRQflJTPUsa/2JQWDd+2MmtVvNSILDkgkdwY2E+Ruxn7HXkejQNXILHHSn00ovsOsNUJ88OLB1t16X6heF++ZxsiFAs5O+cIBX6mR0sp0UuVdjd3YlEhCSV/mtJGoMMOslvfabLTODjQmsXBO5h0MFIG0tJvaHAXa19xYVc7mZvUrLR+YMRBGk3OYBaJdVdlFN+dZL8k7tgIqPEevTmZZg=="

[[package]]
name = "musl"
version = "1.2.5-6"
system = "archlinux"
url = "https://archive.archlinux.org/packages/m/musl/musl-1.2.5-6-x86_64.pkg.tar.zst"
sha256 = "b858891e1c97517cab07a7c060affc47bef7819266e0157554d59f3ecad79fef"
signature = "iQJLBAABCgA1FiEEiee5MxxK59f699MFwTIpOVS75K0FAmg/nssXHHNwdXB5a2luQGFyY2hsaW51eC5vcmcACgkQwTIpOVS75K0KiQ/+N+8Vg90QUuC+EsFzt4kFOkD74IZjPDSyfsNbIgP1y8curfRtZJDR+hcWzYQEbHB6jjVBZeAgVlEaYQQsSWCXthcXslEfNyCP3FWp5hNC6VFibfZhZbg45T4P/4lCd1UuOdY02UmX8yo8rmmltCYPk/AGvoi89nAwRRhj8UU30pQfufouha2jJ178Lgv8eT6qqUjS5KCkaeheg3yUPb1W6br4Lm55owk3GtVxe2hQ2hMmJU3Dzavy80PBZb0bD5JvPQJ0R13IET5+Qn/a7XkJL1oxPmCM+TLcdobnCYNjXXNL1egYKoeaqYvMa95VPnXysjlIVcijBB2xpHaMd5x47y73c6yfBmrp3zYqEZcV4ZmpUG8bCq3XL8IUq29wDkI7W02vNyUYsbyBox37a0eG5orLR2K2Oj6bH2xJl2PcJC9HMoLvoCopQlU3+xUAEjbYQVpoMdryuJUQfmYjDOCZOG6ilYoM0burw9naf0yE/17wKIVZegAOtYcKIN731NGgKCWgfJ25/kqSWFjAPQLGFrtUbJuJ5UX3vCmUz8uG0KLGXdoNPssI2W1zEFDjANWGxXKk2s1ysAMCtnDqOTfmmxqlyYTIdjtT5fBbgQyjtXYi3+ktqnsgulS/Fq/ST99+5/z/HRqAJY06pjrmDgR/wNC4kzWEF5YSCe12KWU/zpk="

[[package]]
name = "musl-aarch64"
version = "1.2.5-6"
system = "archlinux"
url = "https://archive.archlinux.org/packages/m/musl-aarch64/musl-aarch64-1.2.5-6-x86_64.pkg.tar.zst"
sha256 = "60ac4de31f38891ff255318d6b3ab96429d9049481a0c81148442ee49ae65e66"
signature = "iQJLBAABCgA1FiEEiee5MxxK59f699MFwTIpOVS75K0FAmg/nssXHHNwdXB5a2luQGFyY2hsaW51eC5vcmcACgkQwTIpOVS75K3S/xAArN6DaUe0jdPrciR6Dv3ksj8wcUOlitatVPT+O03mxH1+4ifGy3EPT+MMIGoARfCRyLObXgDCabnUob5SIVV7hadhaAJu73nkBBjqdKpWvutFaC9mlzRRe/NElqMf8GjERm4aiI770VdZzS7OCe8yfOlaQ2fN6l81yKDBB3jtTIDFYp1rmZVBSI+Lu+zd9J+BRxLPFr8bEnMyfsOEUOgzwRv52eufrLY0BFz5781otSH9bxbZLTUmdcEL2WRKk4i7iTIN1U9JhdbqGwVE2aReJPJ+p73QceanMRZs8YlrEsdl4zDxToB0NevrFVlPlgURJSWOuhD9w6ITz8y4IRaPpkNy5Qv7+DPqBWlI053kjmWX5v4rjaPuqUc2H864Vnw2i4Jt5mivktovVEcys/kAkyirJOJZCnvujciMKWOKSFor0Vufj5FDbYzwtouEupdrIuZo9SVQL5I+GEKP4cH/FMgvrWopTkl+zPGaGBuSE0VhHOT08Aj7reoLObE8HZfXwSYkWEWQKl7viOj0UezK3u8WCGyv7oAUscmf7bEQUmwaT+bZho6L4BtvmwJZ9Ygksoes000t4oOlmibk8lHsEDz973egN4Kp0OSJYpAO9mzYe9n3kbFXr0W2PPttyfry7J3adpiXktrUWF6Alxs5rQKtfLAiIn7LfDlvv6CoF48="

[[package]]
name = "pcre2"
version = "10.46-1"
system = "archlinux"
url = "https://archive.archlinux.org/packages/p/pcre2/pcre2-10.46-1-x86_64.pkg.tar.zst"
sha256 = "7ed688c073b3bb605d15a36e9e5865577096601788e851027ad8e3e81b2445a2"
signature = "iHUEABYKAB0WIQRizHP4hOUpV7L92IObeih9mi7GCAUCaLA+/gAKCRCbeih9mi7GCPOuAPsHwITD3bYDyLkvHypEL0GwqyM2+ZfhrpKN+CNY/g8PgwD+O5f4Q0pYUIJF6/XquOSmLZZyVizo+pXiUw61h8GTgw8="

[[package]]
name = "perl"
version = "5.42.0-1"
system = "archlinux"
url = "https://archive.archlinux.org/packages/p/perl/perl-5.42.0-1-x86_64.pkg.tar.zst"
sha256 = "deeb19367d70758fe9b9222321e6b753ffb918b252a7ced7807d40e886226c35"
signature = "iQEzBAABCgAdFiEEFRnVq6Zb9vwrc8dWek52CV2KUuQFAmhz5lcACgkQek52CV2KUuS0uQf9FjQZEqNkTm8Q9GUsMqnN+6IBYFhffBqI2qtmCZ7rqQoMbjZZKuWwz+Xvhk4rbQgkBfLNqrAg5xDVhV/cI+1YoR01ZiPms3zar8EmlYvHuIB0RLdOq4j8Q4UcDmrylUM+fvTxWKiraw5eFw84VY6HUIc9/yJKV642gjSrXX10vgGWfjqHnZcLxBGO4kjDwhfk5MhSq7sxoGeoXcEkos9SiRFqBjm+vHFknAhBYrNYh3TQHZObbos36U0EfGvoDIyh7fdTlFdOpvQmWyw0LyDiws/9fTSrktQYY+O5/nMeN4/uAcwdXDwM3GJZwgxqFMLtavjngFzO3lFaiJdWSZhe0A=="

[[package]]
name = "rustup"
version = "1.28.2-3"
system = "archlinux"
url = "https://archive.archlinux.org/packages/r/rustup/rustup-1.28.2-3-x86_64.pkg.tar.zst"
sha256 = "86cf89d259f80ba4b785f2439dbb732051b416e3610ff3e629f0b308f77732b1"
signature = "iQIzBAABCgAdFiEEBNw/sURf7KgTwn766k97MhqQatkFAmhsAXQACgkQ6k97MhqQatkkPRAAkZFQi3/nZ9ElcJYia2BfxMCGLxDf6reUtVgL8HHbZ6FqBmhjAoPn1hhrGBGPI0z4TgCAw284gZQ1XF7os+NJ7bbHKrDWDqjREgsBqeP8J6CAYPUNJ3BE8Bb2IOSa3EUohzKRwvTMPCBXqnhAj3nLNi76Kd4Hni8kGPfqja2pQHg3JUhZ3l/Y59gj10jgWrKGD0+UHwbsN45r/SKZKAFll0PKXCTY57VmaXATY5AnkBCDkIFFquz17thAkHmKhAEcLmD3Hc+uwHP4RurNyVAaw3ex1GUuDk/behcXRgTQQ0PsniOGybPMcUD9u8urchRGef31LvP+K2JVUWkl6f90hWVTQ71NYiRI80PYEOGnsfjiApF9spSmBUuddwnNMPFgmvEHNUQp8Tlf9ufVjzshLQ4zta/6JBAKUbi02Oxwg7VM0h9WtjwhBTVmHdizhDinrs3DpYN9+HI9RtBAYmNcHWAw7Jxe0cA7RNwQaObi2iugGaRCWDZfuHJI8+uwAlrIF23978djHRKGIB1+yY3lYqFMOZSy00a3zU3x+A0dTF3GxNyspTly4Vn2O4cgF1QSl5I2GriyF+mMauJ5RiBZUHWkvW6bnLtfHd2/6PaeuSt2OwtnKONMrpFsnF5H21q1RFdeaFphJZhxpoZjw746LoaKYZGyVscg6Xv8z8w9U7c="

[[package]]
name = "zlib-ng"
version = "2.2.5-1"
system = "archlinux"
url = "https://archive.archlinux.org/packages/z/zlib-ng/zlib-ng-2.2.5-1-x86_64.pkg.tar.zst"
sha256 = "74c39528b118d343833133d9d5695db7f3a14a897068ce8e76334f78054270dd"
signature = "iHUEABYKAB0WIQQEKYl95fO9rFN6MGltQr3RFuAGjwUCaJUTlgAKCRBtQr3RFuAGj1wqAQDcTEZHUE92vFB/vJiHf+YsXHE+BvGHx8u0OJG9FRRUmAD+J+/4jbjFBU3VWWHGeK8VXGJ2CiAif1zI6LY07BptFgk="
