[container]
image = "docker.io/library/archlinux@sha256:76b4733d4c59cdfcae4a5dced7a6611e8621a502f863631328b362c85ac405c9"

[[package]]
name = "aarch64-linux-gnu-binutils"
version = "2.42-1"
system = "archlinux"
url = "https://archive.archlinux.org/packages/a/aarch64-linux-gnu-binutils/aarch64-linux-gnu-binutils-2.42-1-x86_64.pkg.tar.zst"
sha256 = "953255868d706bbd3bf2252088829fae66b950ebd7238346957b04e2bcac4b53"
signature = "iQIzBAABCAAdFiEEjhmSFnRl21+wRVV8sChU7XU+Dx8FAmXeQEMACgkQsChU7XU+Dx9i/A//YZhG0jjDag31M8iZfYSCOR1sRnEd97Eq9wqrawp1XZ+1r4x6+VCPHcQT981RxHbYV06A7VMKYQVZ8cQakjlS1NfRFmXaWw22AsQ1rhCpj66FHD+R5CAQnafg//3g+G32xg90b8m1VqRxNsyZTZlLKkbtDINzwSW10/QySactsZwv6ySE7DYsJFluplZGsfhw49yS5TtmsgL5AorSBhKISm5nUGnEdJyFWKI6xKbY0AzTZ1lgK0ygauWNZ4/xl4YEneubWYAku2QmutY86sbHYyUyfMVFG2wfs+iuR0zCFehL02AIorjKfg37+LZPinKOv4jbCFVehBaLJQ9jtlulo2wfFUtU56P3aODZUjEWS6PBtKg4SotYfjDiDngHsaF5qKReD9OXjE/u0N/sVPKRrOLHIVZvZGlyJFzBiz7UuqbQiQtMTQt7fdSG4Fc6QFYo9hUvrgXPvXiDHqkghnnQYwuRuNq1sUMYkN25kd3v8UR2ZJReOzrFRrlT8S1OD35fvJLoKpTUibe33Sxnl/c1gB9S7f7nqlIWPiYeQU6//IhR7shHLdxdHtY/KkU1LBR5xBNitb/cIZlFNeVJtuakCE7dZYR3v+4lglp8eEQEYCm12+ddzI7Y4W2neNVecxH8P3GG22kpPrU4pjs/OkrR3lSdiSvCixkANrIdCgrHxL8="

[[package]]
name = "aarch64-linux-gnu-gcc"
version = "14.1.0-1"
system = "archlinux"
url = "https://archive.archlinux.org/packages/a/aarch64-linux-gnu-gcc/aarch64-linux-gnu-gcc-14.1.0-1-x86_64.pkg.tar.zst"
sha256 = "fec0bb1ab703350c7247d2425e21d250b8ebad0a4d4f8f650d9f3e7f5cc43903"
signature = "iQIzBAABCAAdFiEEjhmSFnRl21+wRVV8sChU7XU+Dx8FAmY/5mwACgkQsChU7XU+Dx9Zdw/8CCAkvA0EcS7zxLJ4wCZa5PQpZfbYb3z5KYyNhmN4Nq0KgfScKh7Jv4c5Hxnd2eRpoJs7Dnk7KLXhjOnV4PhMoOWMnv95+uMNZ5A0i2Y+am29IR0BJawsaYxqFbmn0xQwXKhMAVxNI+QkzgXvh8GH13hMsxE05uk8M0NnZ4fONDRhjTqsPvmXW+0SLCA20lD63kK+5MPML85wi2l1YlnPwwpqbEGgbh5yRM+jl/K19Ewcs1e/Tj9jZ/TvRwwphdZiPLcL0uj6C5gLZec/egEnhSHPbs8JxpHGtoHdCswlOVf/5f0pPE2efI+f1EfNycV8uLYLZFq0AH9KzNJKpB9oddaYSD00mdug/ZA7bB9gS8D6SanUlukhr4VHLyX+dh3x2uVOrYDYI4UBZHQmLAM9a5jZdLuCtTFVrDGxkYOBIjmE9ErhIFeGzuazBr+yj0dn9/whNjqcX7WEuBq4PVd36NDwhWn2g7ZcCeCVMlOQMnlue2x+jgzLDgM4wTrkMTvA5X8xZQg7lsJwmz8DpMz0JGnDUbDfbzv9ksYcK6vGYlxI1jzD3FSs0UT9NTyzIHfv7b+zX+KrPnGPCxw7hPIQ8VIs+WDJpaOi9CEG2OXdBaTyx39F2uQm7+ABFBShnyAA4IGoKNMjtD7xXkfJUvKfIISWEl4QmxE/Er/5Q8Jpc9s="

[[package]]
name = "aarch64-linux-gnu-glibc"
version = "2.39-1"
system = "archlinux"
url = "https://archive.archlinux.org/packages/a/aarch64-linux-gnu-glibc/aarch64-linux-gnu-glibc-2.39-1-any.pkg.tar.zst"
sha256 = "413cd1760d30196e94b4b014904bc8e5c22d37adb4c27784f8a13e31329a027a"
signature = "iQIzBAABCAAdFiEEjhmSFnRl21+wRVV8sChU7XU+Dx8FAmXr3rgACgkQsChU7XU+Dx+F7g//ZxmOlEYlLqWmL4h8o8efVxiHh5k49cQlYO+xJXpDmlueYZxc0bIFx6CgKJ6BinU+7UkRC/bcuMfT5ztk4xJKD1ZvlgvSXJnlc/gQNSifR5IqEqzxML23SQU694cGZDSR9ctk97vKh85XYuQO3nuBGcCYl/RPPDRskBlEpjwuNutR0kAP/ZPUIRaSo4rxuOe24B5OBeAmGXZGfmvRcwMy03g9Sq84TmUqSG1sCX5Tj81piP41uKqV4G2xo6MBpc2WY1SQFiPoG2rpr42o0o/QXaIKrMRS5WkpQzHJRUZeLk4AKGEdzat8vZvGvZZEg7it7Q6Ho/QCdth3l1GIQv+SIw9XNG1fbQNY1EK4nFlGaXGRvaaLsXUca4Z1krSx3D4KEcV8uyV1Nm7WLJjQiOykMJZ3xKZreOLII90fSEkr34RKM2s71GwAB+HeOPUS93gKYOf436LOI2VAHNhs447/C53zcE9QQRKeyzh6Lpw6zOaDw+2xaBi37nJaIVBcOE+zeRGYU7DfhY2ecbeGPKvfxt3pUthOVLOjwVpc579UI8kyBcm9/SM0B+lxIJCWhNkq4qlNmuCLXE473iJ0Ads0vsKV+5tfvSU/Q9gMJmYNMOiI9JFRqt5kcKdopIVxIybNmmClCAfLo93+UGB6aZgr5TLnRgoHHpt2NADF9l8LdJQ="

[[package]]
name = "aarch64-linux-gnu-linux-api-headers"
version = "6.7-1"
system = "archlinux"
url = "https://archive.archlinux.org/packages/a/aarch64-linux-gnu-linux-api-headers/aarch64-linux-gnu-linux-api-headers-6.7-1-any.pkg.tar.zst"
sha256 = "c627c8aadc83203beca40cdf2e20f27413ac92f7c8c8c3297354f76321e56460"
signature = "iQIzBAABCAAdFiEEjhmSFnRl21+wRVV8sChU7XU+Dx8FAmXr1EQACgkQsChU7XU+Dx+IZBAAk31eMM89svWsY2XWUlTIUvEwtJFq/IRwITjpUhEoy5ywQ7zR21D+cTV1+Preca50+04WyxnzU4fYVPJ7bqPSaUeH7jFxCLCDjSuXLCQfnfCzfRsSqEy0LTVAi5NVjWeYG8pB19fU/eVBZ/Vh0t3wUeJ3vfq8usrtUWV2N6bUoZmCcR0x4L7BVWUjtE9TVU1RvvRYOl/oIDX+hp3tZn8KE0+PVs9f3zB/s8oAloOq8r+DcsKqPFIwHg7czBCsg1BLGS3UKCn1rcsrIk42/htO89048V+j3TGavovlY3BFqA75aRpEWv47T+bYETvwkWsR4ETW6uRdhIWU/Si09aAtGaQ0SeOoLS6OiXaYcTbgQh0HFsUceMayXaKsnTbzYyTJYDW0DlvRRS8lVl00r3lDOnep7kUDVsRpeOoMI8IxQ9fOtFGEbliOhuwl8kIpKa/Qr6e4hJOPzOxn0LMdRkh9vX0GeUhh/NovDKia5ojttX/hphiNVylLXuRm674ep1vJYXNYAja6hzssWBhZEMK/2aA3fKIULJqEz+GQ5h0/t8zP2Bn8henzTpWGJaiFn4bil/vrwZPzoBFtUT40CRxCbp8HKzpQSeaerkARod2icX2dOKs6rWJ5JijijeT1BWDtjXufRKvJjJxrytd9qLVJuUKuFyP2NDyKkPoq3vXoYwA="

[[package]]
name = "binutils"
version = "2.42+r91+g6224493e457-1"
system = "archlinux"
url = "https://archive.archlinux.org/packages/b/binutils/binutils-2.42+r91+g6224493e457-1-x86_64.pkg.tar.zst"
sha256 = "d38f9e7fefdf4101d1ab77739356d5735658c316d45f805879e9b8502b228b1d"
signature = "iNUEABYKAH0WIQQFx3danouXdAf+COadTFqhVCbaCgUCZjqNXF8UgAAAAAAuAChpc3N1ZXItZnByQG5vdGF0aW9ucy5vcGVucGdwLmZpZnRoaG9yc2VtYW4ubmV0MDVDNzc3NUE5RThCOTc3NDA3RkUwOEU2OUQ0QzVBQTE1NDI2REEwQQAKCRCdTFqhVCbaCgpMAQDMEB8dNeJKS2ls2nLniecgjynnznoocjQ67ObHUv8uWQEAsWZ6IV4bUsjNLdD8ACNQrZVr+41FL1UjbINOHOkfWQg="

[[package]]
name = "cargo-auditable"
version = "0.6.4-1"
system = "archlinux"
url = "https://archive.archlinux.org/packages/c/cargo-auditable/cargo-auditable-0.6.4-1-x86_64.pkg.tar.zst"
sha256 = "1ff68cfb8017bf69f3f8e343e5bc2002ed23a54411bba9de3da519fbc2c7126b"
signature = "iQIzBAABCAAdFiEEFl4P98SMIm4ew2On+DQkgks+S5AFAmY8gRUACgkQ+DQkgks+S5CZ9g/+JHMQw7uO9yWQ2gcmJreqFw7WUZurgIWVDnjGJj98Oq/sbmNe+hoC15NOaOf24rsR09yx+diFk0+utEK6iz5BGnEnX2Z1MQnKMZHB2O6X+f9biA/xmZw6lgk3AmkSzeFwxPwyXX8/DoPTjqd4UrY/2gfYOoH33iGP4qC6JC2rZjX9M8vtnS/nh6zZdLQls4V6DIBIrvZJDzO4NM2fItsuyCoq6zUxOWYJbrP2vv3XFvGNzaWtSzosspFqK5VR6E+0l0cexlXXHXcHeADp6nk0zDedzOzHMRtxv2MOEMBtoDDIx4R1x5pKXwpTtlZrCvpa0lDemEt0h9VMiTPWm/ygE2vn3RFl4+Ho2mXlxYSUksG3JZCd0iVLPM+OC7N6wMq5z08ObG+D5qTAF/YWn1t0v4pBBIl/6ADW7+jtGk7eeatSvj77Sao0PlqNy7w7icceuF09qsMduxhN66N81hLBTX2rhT77pQ10qRDb9fx7vXAvAdXU0gp+ZF6f64czyP0yqETiTHcaLd0oCNU1ISgjh77E2vf6VQpaTDzx4PjwGkeboa1AjpbMGbGFfAH9jO9l+9hxVt/h0TIMAsZ7QFh02yS3m0gJGUusrisVpkTBmzqPkEMgJecGb/nv7TZyGsMvtQmzq2QCZmgoDDH2yYrvgQ107jgfmZwAL8Fffsg0sQA="

[[package]]
name = "cargo-deb"
version = "2.5.0-1"
system = "archlinux"
url = "https://archive.archlinux.org/packages/c/cargo-deb/cargo-deb-2.5.0-1-x86_64.pkg.tar.zst"
sha256 = "2ba39d46f73318b39017df78af6cb58c784bc92a33cfb1ee4a9c01c0edbd8cf3"
signature = "iQIzBAABCAAdFiEEM+u4qOHFZTZFsSMqRaZQ4mOMU20FAmaVc7cACgkQRaZQ4mOMU23kPg/8DW/4MQ4Jrcp6VYMkKSuvuj4qFBVl0MyhCyJQEtA+294lB16/2O5nWCW0fEJSCuVtqifQT+Y8TMsT/bWCQ3pKxlEszyFnC4oho2lJcrESoRGumPPN3SoQUtqMHqlHv9QjW44O9NhicNH+ydgBFTtGCH32IFKnWGScui+ltin7nq/5vDHO/DFhVebPIbbDQdjOi0N7LwLsUd7OqO7T98tdlcPzMGMjm+E+1+UkHNGQoWszd3xbhGYtpWvZY1TwHEgVChPBJ3bVncZOEQ2qyuM7zpEMvNpuj6SW75tTppBgizTniTjtlfrncnOtp1SLQUNkLZLbbmuf+WBU4ASgGYL6VQCrygD3uCLYvzF+7B0wGptdkjfto/mkSIufQ5VDOwr5mNghmad60b491MhjjhmULrt2knFcw9f89rJXzyP9Z3pJYy0hQhlaTeGAstscsVIt2FkkBqCezvnOjW2zJi4dShLB+YNC4B1o+LP7Q3px5tnC3Eu8fZpwJFnyw9vdF9gk+hvv6hP0sywK3rS72G01hY+LrYOWVohQAf/13w0507XlU1zoG4Lw2yS43AnZlNla9wt1JL3EhXZSc7DKA08RVtKiKQ6rbOoCHuQBeM5UDfq59/uHthYRhNj2zZSghbOoKq0nVMdI+d12HNM/s0j/AGWWn2AicpLEn/GrI6+ZeUw="

[[package]]
name = "device-mapper"
version = "2.03.25-2"
system = "archlinux"
url = "https://archive.archlinux.org/packages/d/device-mapper/device-mapper-2.03.25-2-x86_64.pkg.tar.zst"
sha256 = "2b44e1fc72ab24bd4007fb3fe36d602b750ad1061bb1d7df449ee36734a4dd5f"
signature = "iHUEABYKAB0WIQQEKYl95fO9rFN6MGltQr3RFuAGjwUCZpLxdgAKCRBtQr3RFuAGjw8fAQCw/U36/echw6+YVJaq4NkmDalAigiDufv4bOAQVDBjFQEA4g7/Ffw6892VMJjVSXJcCYDtKiuKKBIvX1c7hfvbHQE="

[[package]]
name = "gcc"
version = "14.1.1+r58+gfc9fb69ad62-1"
system = "archlinux"
url = "https://archive.archlinux.org/packages/g/gcc/gcc-14.1.1+r58+gfc9fb69ad62-1-x86_64.pkg.tar.zst"
sha256 = "5f15e2830d965a3c42a9e73829723aa44870cdfc240d0c228ecc9e876feffa15"
signature = "iNUEABYKAH0WIQQFx3danouXdAf+COadTFqhVCbaCgUCZk3zsF8UgAAAAAAuAChpc3N1ZXItZnByQG5vdGF0aW9ucy5vcGVucGdwLmZpZnRoaG9yc2VtYW4ubmV0MDVDNzc3NUE5RThCOTc3NDA3RkUwOEU2OUQ0QzVBQTE1NDI2REEwQQAKCRCdTFqhVCbaClx1APwIlpIm93K+RD0Q9K2C2wmVBzyGM3mn7pQc8VAzJDmWRAEAhyxZQ8g9fDJykLMsIWn1k2rOPVnQJ93bDQGT5MuYGAM="

[[package]]
name = "iproute2"
version = "6.10.0-1"
system = "archlinux"
url = "https://archive.archlinux.org/packages/i/iproute2/iproute2-6.10.0-1-x86_64.pkg.tar.zst"
sha256 = "745c0867cbdc8ef7834154d6fa4d02339fbec48af31f5bdb3e23c741214bf661"
signature = "iHUEABYKAB0WIQQEKYl95fO9rFN6MGltQr3RFuAGjwUCZpdqOAAKCRBtQr3RFuAGjycDAQD1g+nPTDsOdyRx9WHkhq2vecaAW60cbalTJ8m8TgxX4gD/TMBu1IpSxud5fItidhMbFTG/EcNqQe3zLo+x1417ZQ4="

[[package]]
name = "jansson"
version = "2.14-4"
system = "archlinux"
url = "https://archive.archlinux.org/packages/j/jansson/jansson-2.14-4-x86_64.pkg.tar.zst"
sha256 = "a67ab57d4a9b4caa2e718652c392345cdd9c2496d835ab1d0ff1e78ae4429fde"
signature = "iNUEABYKAH0WIQQFx3danouXdAf+COadTFqhVCbaCgUCZjJful8UgAAAAAAuAChpc3N1ZXItZnByQG5vdGF0aW9ucy5vcGVucGdwLmZpZnRoaG9yc2VtYW4ubmV0MDVDNzc3NUE5RThCOTc3NDA3RkUwOEU2OUQ0QzVBQTE1NDI2REEwQQAKCRCdTFqhVCbaCpfCAP4sFnTjSEIn5wDbLWGZOivsWT2SWPG6AgofrnUjaK/UMAD9E2u6D7WJbVTYrvDhVUz3WN6k8bVB8ZODyoIF66GWEw0="

[[package]]
name = "libisl"
version = "0.26-2"
system = "archlinux"
url = "https://archive.archlinux.org/packages/l/libisl/libisl-0.26-2-x86_64.pkg.tar.zst"
sha256 = "c9e75e062e0c63ea4ce8ff3b74ed09400c58e70323362ea98039e8ca89d7dce3"
signature = "iNUEABYKAH0WIQQFx3danouXdAf+COadTFqhVCbaCgUCZjJful8UgAAAAAAuAChpc3N1ZXItZnByQG5vdGF0aW9ucy5vcGVucGdwLmZpZnRoaG9yc2VtYW4ubmV0MDVDNzc3NUE5RThCOTc3NDA3RkUwOEU2OUQ0QzVBQTE1NDI2REEwQQAKCRCdTFqhVCbaCkLXAQC49BDxyJqogwtJnhf2IuViUWKWh8D9STZdlmc27Kwy0wEA3at28YnTA1thVrPW3SmnqteeRH+CEwIh7klsYADidAs="

[[package]]
name = "libmpc"
version = "1.3.1-2"
system = "archlinux"
url = "https://archive.archlinux.org/packages/l/libmpc/libmpc-1.3.1-2-x86_64.pkg.tar.zst"
sha256 = "10554706eb15ed2186fbd55fd5db8fa5919788ac9a75d26c0b9ef5bdfca9d470"
signature = "iQEzBAABCAAdFiEEFRnVq6Zb9vwrc8dWek52CV2KUuQFAmaHCZwACgkQek52CV2KUuRjbAf/TmL9cCMXYTGsNmR2om6kT7XjczfZoFR9AM0FSTUNy5AuNZNUUCfm6ie6F4rFwHc3nETOSojScOZauZlcNiLrVriHYYFSZ8EhKiCJCo68a7KTbceBNoBuT6AEIpGMpIMti/cvWhu8VXl5JIRo8LNPBzDih05aCDUJ2nayKPYNHalDayu87sDXzJYXuzC8KD7XmUa7Kirn0ZpA4VZXc8CUjYYvn0wvRwLKQP4WMpszxmblQWjMVbQxh7dwC+gPtqIANVjoGKMRfr6QpT03XXIEaTBKbMsxeYFvwn+y2JN30t6oFI6LJADZ22VwimEzu06u+x9c+3+pr4k7Py43OCOGmg=="

[[package]]
name = "libnftnl"
version = "1.2.7-1"
system = "archlinux"
url = "https://archive.archlinux.org/packages/l/libnftnl/libnftnl-1.2.7-1-x86_64.pkg.tar.zst"
sha256 = "a64c3f0c74ab3f0d7fb5492a61ae94c771ccf3eae8d01b2bffb90014e862e6df"
signature = "iHUEABYKAB0WIQQEKYl95fO9rFN6MGltQr3RFuAGjwUCZpbtuQAKCRBtQr3RFuAGj87sAP99D+yjZ9PDCPTjiGgu5ueCy4mNVgD2KMBrSAXqs8bqDgEAinRtmbkvB4/SifYQH887mzRNntUivcMtCn5AkpfalQ8="

[[package]]
name = "musl"
version = "1.2.5-2"
system = "archlinux"
url = "https://archive.archlinux.org/packages/m/musl/musl-1.2.5-2-x86_64.pkg.tar.zst"
sha256 = "146b60543069d4eb92fd9086ffd6f442ee0a1f41f724445adc29af80693ce2da"
signature = "iQJLBAABCAA1FiEEiee5MxxK59f699MFwTIpOVS75K0FAmaUdzsXHHNwdXB5a2luQGFyY2hsaW51eC5vcmcACgkQwTIpOVS75K2C+g//ddIjb7CKai01nuuzLd9hZQBP51iBe+lYdhv5lxlKaSzQZXHVUGXDAZdb7TaV9pbzdGPE+l5V2ZngivXdR5twUDWOQzvorXdxLgX7trBTghLDTBIKu6jPtrH2bNWrL8A908RumQVeWsOxUcompgAsRpQ4DhZkzk8325k9et0Nv1oQic96B5G1WefE85IYc2PDJeRhfyfnZmQ15aoVhohyhF0XSudlJSc/hqMZePW8tmyYz4ltvgOs4EF3smNwOaZVOew+w/5vOCYaSre5MFwHiilvYJaWhCji10m0MrBzLhRx0ZfRlBwTGbsToRbmczuwMXoYIiJsI2OiXsZD5/X9T5yPjl7pWP7uLaNTXCcbfrCZIWMVBXYQFxnWhUbKFZu8E7eXU2z75GukkC7GjR+VKw+SFH06Xdq73JltIXURRKe03uigC8ciME1xHOMv5kc1pQukQC/hTaR4GPF32pOX27CPQkNQ0dhRi1Cgyt47V+3GncI+mhlY3gJsCv31+Z0kM+WornVJYFSQnO0/frFPJaZUt0ONO7lHU2UMTe2tHm+zFHuHh6xOGaMjdRslrzq0Pby0xMb6nT0HsT1VXfSW30rywN1UPLd3TxAXGkG3SS8szftrLrmK6NAsK5tWfd5H2tiwSibYNnYYYVB720LKBl7bgpGFicdROohXJKqXsvA="

[[package]]
name = "musl-aarch64"
version = "1.2.5-2"
system = "archlinux"
url = "https://archive.archlinux.org/packages/m/musl-aarch64/musl-aarch64-1.2.5-2-x86_64.pkg.tar.zst"
sha256 = "a127125a8b889341e8ee1d9a68b75b7afbc7af9a13e0203c460b5bf266084df3"
signature = "iQJLBAABCAA1FiEEiee5MxxK59f699MFwTIpOVS75K0FAmaUdzwXHHNwdXB5a2luQGFyY2hsaW51eC5vcmcACgkQwTIpOVS75K3i7xAAgtV4szRrzrfudev6aAAIeGUMMmYRuzSjicbS8+2jMdJUTeWkHRpEWkA/f+T29ki9OlJAHzotThWREgetwkoXrovUfugb0MNY++u4Oo3N2Z72AS1ndweWy/0ewz/0sOuVn6NNfTek8BhXa9lzhPLbd+JLRHXqlt4gz6tS8ax9aiXuUqKIqjo00HTfwiMYyaUbRx83eJL/0549A2Rq72Ju7vDIBnRe2Bf5brYkRBluVbOKgEEEDJ63pwzzw2K694YJyIzGmeLf5ZKG2dVyQZ9RoR08bwMXGKt7qInijgbDozNp3GOdvVL/v4wMByc1TjqazycJmSgKqFALgLxBsxm9LjT+j2OCpz5imS4I1OecuJSO5bTHZNhkgE9rqsGdjVNUjLSgvQem/k8OdIWrnF5W7bfCZEI7EUI5qxAG3uh6jCG/LEJkjIuR7IN17sDtl50DcPpN/Sr4wcETXfoz1NNB3b8ZwBITkADBnDu+lmG2+x7pPXicZSVOPN8i1IYnq8r11Aw1GxOCXQZsGfsJgByjWYs5iD1Y/8JLlsw7aagwjZoh2bMGadlA+tzY83+2OP2Nq4Vrhwum96ec7vUoe3kKADJ0751IHW3+anqglMivyOXmngBObAcoWb/Q1HrTMTQy6SGemdM614Yw/h+tJizeOvugkqbX3gny7grDrIgmjRY="

[[package]]
name = "pacman-mirrorlist"
version = "20240717-1"
system = "archlinux"
url = "https://archive.archlinux.org/packages/p/pacman-mirrorlist/pacman-mirrorlist-20240717-1-any.pkg.tar.zst"
sha256 = "a07daec736defd8f90475b904da2bda446be3cdd3c2ef4e0fa85372ea8679d2f"
signature = "iHUEABYKAB0WIQQEKYl95fO9rFN6MGltQr3RFuAGjwUCZpd5PAAKCRBtQr3RFuAGj7AtAQDnEAC7v38gwOs9DnBrS2c82YRRXT9w4ZlC5iRzT1S6vwD/bNyB8/QdOwL9xbOBUH5SDL+oMSfz4Bjca7vfa8Sa3A8="

[[package]]
name = "rustup"
version = "1.27.1-1"
system = "archlinux"
url = "https://archive.archlinux.org/packages/r/rustup/rustup-1.27.1-1-x86_64.pkg.tar.zst"
sha256 = "2e16b8a3f4b6661bbcbce73a305b8c540bb809558918c5164502ce38116a0734"
signature = "iQIzBAABCAAdFiEEj8FaBklQqZ3RvRTdOeS4d+YuuRUFAmY5nB0ACgkQOeS4d+YuuRVqCw/+OVk7uMIEgmMBAq+FRTKBhXVOKHVtkWAoakaxHOhlm9SuYVDoHXYansQbggMfEOE/8Hmgz5dwrpt9CphNe9eMr/eTx6dr7EH1v5tCPgUtn51+yRQ+P1e36FSSD81ZKSbY3viWZkgtfFFoZlcT5InwVDgQVOuKIpYX4N4LEvBwiXfjTohaNYUPjV1BLEEToEmi8DiRvOQcAXpI38ey7yRt2Yy36Bx1f1DiLkAUMa0KMAPRNEew0PrSH8aLIFYxMByq+6YgtVJMEdRzFYHkGIWHJ8ITUGj5X+/o0RAs987TgkbwO21exl04YNDqFoFXEN0LkqpFZ19RMWYqPFyoCTFCdv6vcoSQXZp7Kr6h2Ks4o30OE8aOb8GknKuPrABKXBxZKSAAcLMlXs/CETt/W+nZ8JHJfq134L/kq+bdJwmP/JB0RbsvNnG5rbKipKfbDl1rjZGR44LEGbK1dXd3j4XSorAs2vlWaYB9A0HNDOpvkz8V/8VLQ4Xq+YVPV0D5vCRT5a911TdF5BMZZFLYztrcWil6Kohx32qvljh81LHgKdHMZgbALjWvHx6Ufe/R9PydAPV6VWuCiMHUwRrrAb+ASIjzaHzKm+4KQ91+KbcFri5LMQHEndJOyNAmTXbfB7qgDwZ0dJJmKBFYG8ihgzD6b8s8dI7ErDAupKLUYQy71Ic="
